
Microsoft Visual Studio Solution File, Format Version 12.00
# Visual Studio Version 17
VisualStudioVersion = 17.5.33627.172
MinimumVisualStudioVersion = 10.0.40219.1
Project("{2150E333-8FDC-42A3-9474-1A3956D46DE8}") = "ITMO.WinCsCourse2023", "ITMO.WinCsCourse2023", "{535C0665-95CC-4CEC-AFBE-AA04BE831079}"
EndProject
Project("{2150E333-8FDC-42A3-9474-1A3956D46DE8}") = "ITMO.WinFormsCsCourse2023", "ITMO.WinFormsCsCourse2023", "{F7F2B542-1D08-4F88-AC02-3FC31DCA2D6A}"
EndProject
Project("{2150E333-8FDC-42A3-9474-1A3956D46DE8}") = "ITMO.WPFCsCourse2023", "ITMO.WPFCsCourse2023", "{0DBC5B96-BC76-45FC-8AF1-51F131DCBD3F}"
EndProject
Project("{2150E333-8FDC-42A3-9474-1A3956D46DE8}") = "ITMO.WinFormsCsCourse2023.Lab1", "ITMO.WinFormsCsCourse2023.Lab1", "{CDFBBE01-83A2-49E3-9E2E-0CE6F3EE21AA}"
	ProjectSection(SolutionItems) = preProject
		ITMO.WinCsCourse2023\ITMO.WinFormsCsCourse2023\ITMO.WinFormsCsCourse2023.Lab1\ITMO.WinFormsCsCourse2023.Lab1.sln = ITMO.WinCsCourse2023\ITMO.WinFormsCsCourse2023\ITMO.WinFormsCsCourse2023.Lab1\ITMO.WinFormsCsCourse2023.Lab1.sln
	EndProjectSection
EndProject
Project("{2150E333-8FDC-42A3-9474-1A3956D46DE8}") = "ITMO.WinFormsCsCourse2023.Lab2", "ITMO.WinFormsCsCourse2023.Lab2", "{FB9FEC9A-7381-4662-A2FF-CD1F92F6AEB5}"
	ProjectSection(SolutionItems) = preProject
		ITMO.WinCsCourse2023\ITMO.WinFormsCsCourse2023\ITMO.WinFormsCsCourse2023.Lab2\ITMO.WinFormsCsCourse2023.Lab2.sln = ITMO.WinCsCourse2023\ITMO.WinFormsCsCourse2023\ITMO.WinFormsCsCourse2023.Lab2\ITMO.WinFormsCsCourse2023.Lab2.sln
	EndProjectSection
EndProject
Project("{2150E333-8FDC-42A3-9474-1A3956D46DE8}") = "ITMO.WPFCsCourse2023.Lab1", "ITMO.WPFCsCourse2023.Lab1", "{9441B844-64D6-45BB-9541-CE5948720B0D}"
	ProjectSection(SolutionItems) = preProject
		ITMO.WinCsCourse2023\ITMO.WPFCsCourse2023\ITMO.WPFCsCourse2023.Lab1\ITMO.WPFCsCourse2023.Lab1.sln = ITMO.WinCsCourse2023\ITMO.WPFCsCourse2023\ITMO.WPFCsCourse2023.Lab1\ITMO.WPFCsCourse2023.Lab1.sln
	EndProjectSection
EndProject
Project("{FAE04EC0-301F-11D3-BF4B-00C04F79EFBC}") = "ITMO.WinFormsCsCourse2023.Lab1Task1", "ITMO.WinCsCourse2023\ITMO.WinFormsCsCourse2023\ITMO.WinFormsCsCourse2023.Lab1\ITMO.WinFormsCsCourse2023.Lab1Task1\ITMO.WinFormsCsCourse2023.Lab1Task1.csproj", "{AD24A5F3-4E54-48A5-A974-237500F56375}"
EndProject
Project("{FAE04EC0-301F-11D3-BF4B-00C04F79EFBC}") = "ITMO.WinFormsCsCourse2023.Lab1Task2", "ITMO.WinCsCourse2023\ITMO.WinFormsCsCourse2023\ITMO.WinFormsCsCourse2023.Lab1\ITMO.WinFormsCsCourse2023.Lab1Task2\ITMO.WinFormsCsCourse2023.Lab1Task2.csproj", "{5326EB6E-9593-450B-A9B8-5FFA822A966A}"
EndProject
Project("{FAE04EC0-301F-11D3-BF4B-00C04F79EFBC}") = "ITMO.WinFormsCsCourse2023.Lab1Task3", "ITMO.WinCsCourse2023\ITMO.WinFormsCsCourse2023\ITMO.WinFormsCsCourse2023.Lab1\ITMO.WinFormsCsCourse2023.Lab1Task3\ITMO.WinFormsCsCourse2023.Lab1Task3.csproj", "{2E0DCDC6-55D6-4F64-A09C-148936211D34}"
EndProject
Project("{FAE04EC0-301F-11D3-BF4B-00C04F79EFBC}") = "ITMO.WinFormsCsCourse2023.Lab1Task4", "ITMO.WinCsCourse2023\ITMO.WinFormsCsCourse2023\ITMO.WinFormsCsCourse2023.Lab1\ITMO.WinFormsCsCourse2023.Lab1Task4\ITMO.WinFormsCsCourse2023.Lab1Task4.csproj", "{E02F8051-F71A-49DE-874B-7CB1ACA1B721}"
EndProject
Project("{FAE04EC0-301F-11D3-BF4B-00C04F79EFBC}") = "ITMO.WinFormsCsCourse2023.Lab1Task5.1", "ITMO.WinCsCourse2023\ITMO.WinFormsCsCourse2023\ITMO.WinFormsCsCourse2023.Lab1\ITMO.WinFormsCsCourse2023.Lab1Task5.1\ITMO.WinFormsCsCourse2023.Lab1Task5.1.csproj", "{7DDA80CC-1860-4313-9BF8-8E6AB030FD14}"
EndProject
Project("{FAE04EC0-301F-11D3-BF4B-00C04F79EFBC}") = "ITMO.WinFormsCsCourse2023.Lab1Task5.2", "ITMO.WinCsCourse2023\ITMO.WinFormsCsCourse2023\ITMO.WinFormsCsCourse2023.Lab1\ITMO.WinFormsCsCourse2023.Lab1Task5.2\ITMO.WinFormsCsCourse2023.Lab1Task5.2.csproj", "{CF3F707B-1650-4172-9925-2BB28304D323}"
EndProject
Project("{FAE04EC0-301F-11D3-BF4B-00C04F79EFBC}") = "ITMO.WinFormsCsCourse2023.Lab2.Task1", "ITMO.WinCsCourse2023\ITMO.WinFormsCsCourse2023\ITMO.WinFormsCsCourse2023.Lab2\ITMO.WinFormsCsCourse2023.Lab2.Task1\ITMO.WinFormsCsCourse2023.Lab2.Task1.csproj", "{918AEEE5-E138-405A-AAE5-06725A2140AB}"
EndProject
Project("{FAE04EC0-301F-11D3-BF4B-00C04F79EFBC}") = "ITMO.WinFormsCsCourse2023.Lab2.Task2", "ITMO.WinCsCourse2023\ITMO.WinFormsCsCourse2023\ITMO.WinFormsCsCourse2023.Lab2\ITMO.WinFormsCsCourse2023.Lab2.Task2\ITMO.WinFormsCsCourse2023.Lab2.Task2.csproj", "{D47EC7E9-3967-45FF-9344-E6308D08CEA7}"
EndProject
Project("{FAE04EC0-301F-11D3-BF4B-00C04F79EFBC}") = "ITMO.WinFormsCsCourse2023.Lab2.Task3", "ITMO.WinCsCourse2023\ITMO.WinFormsCsCourse2023\ITMO.WinFormsCsCourse2023.Lab2\ITMO.WinFormsCsCourse2023.Lab2.Task3\ITMO.WinFormsCsCourse2023.Lab2.Task3.csproj", "{D4ECF0EA-2021-462E-8AEF-709FE8BE423F}"
EndProject
Project("{FAE04EC0-301F-11D3-BF4B-00C04F79EFBC}") = "ITMO.WinFormsCsCourse2023.Lab2.Task4", "ITMO.WinCsCourse2023\ITMO.WinFormsCsCourse2023\ITMO.WinFormsCsCourse2023.Lab2\ITMO.WinFormsCsCourse2023.Lab2.Task4\ITMO.WinFormsCsCourse2023.Lab2.Task4.csproj", "{10642F38-38B6-4B3E-B4D4-0F6C39770512}"
EndProject
Project("{FAE04EC0-301F-11D3-BF4B-00C04F79EFBC}") = "ITMO.WinFormsCsCourse2023.Lab2.Task5", "ITMO.WinCsCourse2023\ITMO.WinFormsCsCourse2023\ITMO.WinFormsCsCourse2023.Lab2\ITMO.WinFormsCsCourse2023.Lab2.Task5\ITMO.WinFormsCsCourse2023.Lab2.Task5.csproj", "{469F16DB-95FC-4339-9566-EA129911E38C}"
EndProject
Project("{FAE04EC0-301F-11D3-BF4B-00C04F79EFBC}") = "ITMO.WinFormsCsCourse2023.Lab2.Task6", "ITMO.WinCsCourse2023\ITMO.WinFormsCsCourse2023\ITMO.WinFormsCsCourse2023.Lab2\ITMO.WinFormsCsCourse2023.Lab2.Task6\ITMO.WinFormsCsCourse2023.Lab2.Task6.csproj", "{D0405A0F-EE49-471C-959B-FB3E6A365078}"
EndProject
Project("{FAE04EC0-301F-11D3-BF4B-00C04F79EFBC}") = "ITMO.WinFormsCsCourse2023.Lab2.Task7", "ITMO.WinCsCourse2023\ITMO.WinFormsCsCourse2023\ITMO.WinFormsCsCourse2023.Lab2\ITMO.WinFormsCsCourse2023.Lab2.Task7\ITMO.WinFormsCsCourse2023.Lab2.Task7.csproj", "{13BAE6DA-0CD7-4E36-8CC2-F876AA6D47EB}"
EndProject
Project("{FAE04EC0-301F-11D3-BF4B-00C04F79EFBC}") = "ITMO.WinFormsCsCourse2023.Lab2.Task8", "ITMO.WinCsCourse2023\ITMO.WinFormsCsCourse2023\ITMO.WinFormsCsCourse2023.Lab2\ITMO.WinFormsCsCourse2023.Lab2.Task8\ITMO.WinFormsCsCourse2023.Lab2.Task8.csproj", "{6C77110F-78F0-4735-899E-86620D462B9F}"
EndProject
Project("{FAE04EC0-301F-11D3-BF4B-00C04F79EFBC}") = "ITMO.WinFormsCsCourse2023.Lab2.Task9", "ITMO.WinCsCourse2023\ITMO.WinFormsCsCourse2023\ITMO.WinFormsCsCourse2023.Lab2\ITMO.WinFormsCsCourse2023.Lab2.Task9\ITMO.WinFormsCsCourse2023.Lab2.Task9.csproj", "{E00E1329-D909-47E6-90C8-1AD7A0A06176}"
EndProject
Project("{FAE04EC0-301F-11D3-BF4B-00C04F79EFBC}") = "ITMO.WPFCsCourse2023.Lab1.Task1.Task3.Task4", "ITMO.WinCsCourse2023\ITMO.WPFCsCourse2023\ITMO.WPFCsCourse2023.Lab1\ITMO.WPFCsCourse2023.Lab1.Task1.Task3.Task4\ITMO.WPFCsCourse2023.Lab1.Task1.Task3.Task4.csproj", "{DC058A13-2366-420C-A5BF-9F95AFFAF6C1}"
EndProject
Project("{FAE04EC0-301F-11D3-BF4B-00C04F79EFBC}") = "ITMO.WPFCsCourse2023.Lab1.Task2", "ITMO.WinCsCourse2023\ITMO.WPFCsCourse2023\ITMO.WPFCsCourse2023.Lab1\ITMO.WPFCsCourse2023.Lab1.Task2\ITMO.WPFCsCourse2023.Lab1.Task2.csproj", "{9F008AE7-5CA1-4D87-A718-E91158D649AA}"
EndProject
Project("{2150E333-8FDC-42A3-9474-1A3956D46DE8}") = "ITMO.WPFCsCourse2023.Lab2", "ITMO.WPFCsCourse2023.Lab2", "{D034AB36-D41E-4A39-AF45-3FBF85CB0C07}"
	ProjectSection(SolutionItems) = preProject
		ITMO.WinCsCourse2023\ITMO.WPFCsCourse2023\ITMO.WPFCsCourse2023.Lab2\ITMO.WPFCsCourse2023.Lab2.sln = ITMO.WinCsCourse2023\ITMO.WPFCsCourse2023\ITMO.WPFCsCourse2023.Lab2\ITMO.WPFCsCourse2023.Lab2.sln
	EndProjectSection
EndProject
Project("{FAE04EC0-301F-11D3-BF4B-00C04F79EFBC}") = "ITMO.WPFCsCourse2023.Lab2.Task1", "ITMO.WinCsCourse2023\ITMO.WPFCsCourse2023\ITMO.WPFCsCourse2023.Lab2\ITMO.WPFCsCourse2023.Lab2.Task1\ITMO.WPFCsCourse2023.Lab2.Task1.csproj", "{49E7B72F-83CA-4053-A4A7-0EE24529B324}"
EndProject
Project("{FAE04EC0-301F-11D3-BF4B-00C04F79EFBC}") = "ITMO.WPFCsCourse2023.Lab2.Task2", "ITMO.WinCsCourse2023\ITMO.WPFCsCourse2023\ITMO.WPFCsCourse2023.Lab2\ITMO.WPFCsCourse2023.Lab2.Task2\ITMO.WPFCsCourse2023.Lab2.Task2.csproj", "{B8FFB61F-3245-412B-8BE5-BBE6F8F4AE2F}"
EndProject
Project("{2150E333-8FDC-42A3-9474-1A3956D46DE8}") = "ITMO.WPFCsCourse2023.Lab4", "ITMO.WPFCsCourse2023.Lab4", "{A6800907-7A2E-4A30-A74B-D98430473C50}"
	ProjectSection(SolutionItems) = preProject
		ITMO.WinCsCourse2023\ITMO.WPFCsCourse2023\ITMO.WPFCsCourse2023.Lab4\ITMO.WPFCsCourse2023.Lab4.sln = ITMO.WinCsCourse2023\ITMO.WPFCsCourse2023\ITMO.WPFCsCourse2023.Lab4\ITMO.WPFCsCourse2023.Lab4.sln
	EndProjectSection
EndProject
Project("{FAE04EC0-301F-11D3-BF4B-00C04F79EFBC}") = "ITMO.WPFCsCourse2023.Lab4.Task1", "ITMO.WinCsCourse2023\ITMO.WPFCsCourse2023\ITMO.WPFCsCourse2023.Lab4\ITMO.WPFCsCourse2023.Lab4.Task1\ITMO.WPFCsCourse2023.Lab4.Task1.csproj", "{80871310-DA9B-4D31-AB86-68C09CAC9DC0}"
EndProject
Project("{FAE04EC0-301F-11D3-BF4B-00C04F79EFBC}") = "ITMO.WPFCsCourse2023.Lab4.Task2", "ITMO.WinCsCourse2023\ITMO.WPFCsCourse2023\ITMO.WPFCsCourse2023.Lab4\ITMO.WPFCsCourse2023.Lab4.Task2\ITMO.WPFCsCourse2023.Lab4.Task2.csproj", "{5213C9B5-8084-4DF3-A0E5-2E577F7D130E}"
EndProject
Project("{FAE04EC0-301F-11D3-BF4B-00C04F79EFBC}") = "ITMO.WPFCsCourse2023.Lab4.Task3", "ITMO.WinCsCourse2023\ITMO.WPFCsCourse2023\ITMO.WPFCsCourse2023.Lab4\ITMO.WPFCsCourse2023.Lab4.Task3\ITMO.WPFCsCourse2023.Lab4.Task3.csproj", "{09F45704-14D6-441B-ABDA-29321D18D01F}"
EndProject
Project("{2150E333-8FDC-42A3-9474-1A3956D46DE8}") = "ITMO.WPFCsCourse2023.Lab9", "ITMO.WPFCsCourse2023.Lab9", "{AF5AFDDE-F706-4BB4-AC2B-FBEC4C1E31CC}"
	ProjectSection(SolutionItems) = preProject
		ITMO.WinCsCourse2023\ITMO.WPFCsCourse2023\ITMO.WPFCsCourse2023.Lab9\ITMO.WPFCsCourse2023.Lab9.sln = ITMO.WinCsCourse2023\ITMO.WPFCsCourse2023\ITMO.WPFCsCourse2023.Lab9\ITMO.WPFCsCourse2023.Lab9.sln
	EndProjectSection
EndProject
Project("{FAE04EC0-301F-11D3-BF4B-00C04F79EFBC}") = "ITMO.WPFCsCourse2023.Lab9.Task1", "ITMO.WinCsCourse2023\ITMO.WPFCsCourse2023\ITMO.WPFCsCourse2023.Lab9\ITMO.WPFCsCourse2023.Lab9.Task1\ITMO.WPFCsCourse2023.Lab9.Task1.csproj", "{5D16AC4E-E27A-4607-BF32-59D50D0227A4}"
EndProject
Project("{2150E333-8FDC-42A3-9474-1A3956D46DE8}") = "Calculator_starter", "Calculator_starter", "{A6C0D23B-4ADE-4F46-B58E-21CB730D5529}"
	ProjectSection(SolutionItems) = preProject
		ITMO.WinCsCourse2023\Calculator_starter\Calculator.sln = ITMO.WinCsCourse2023\Calculator_starter\Calculator.sln
	EndProjectSection
EndProject
Project("{FAE04EC0-301F-11D3-BF4B-00C04F79EFBC}") = "Calculator", "ITMO.WinCsCourse2023\Calculator_starter\Calculator.csproj", "{A27CBA1C-371A-4708-BB01-9848A8B50505}"
EndProject
Project("{2150E333-8FDC-42A3-9474-1A3956D46DE8}") = "ITMO.HTML&XMLCourses2023", "ITMO.HTML&XMLCourses2023", "{0177E5C0-90C3-487F-A02F-1A45338A232C}"
EndProject
Project("{2150E333-8FDC-42A3-9474-1A3956D46DE8}") = "HTML Labs", "HTML Labs", "{1071DFAC-9089-4161-A2EB-516F286EA49C}"
EndProject
Project("{2150E333-8FDC-42A3-9474-1A3956D46DE8}") = "Part1", "Part1", "{19E35C82-990A-41A3-8F2B-54F7FD2B114F}"
EndProject
Project("{2150E333-8FDC-42A3-9474-1A3956D46DE8}") = "Lab1", "Lab1", "{3E44D95B-9197-48E6-A56A-7E6D2E66C66D}"
	ProjectSection(SolutionItems) = preProject
		ITMO.HTML&XMLCourses2023\HTML Labs\Part1\Lab1\Animal.jpg = ITMO.HTML&XMLCourses2023\HTML Labs\Part1\Lab1\Animal.jpg
		ITMO.HTML&XMLCourses2023\HTML Labs\Part1\Lab1\ex1.html = ITMO.HTML&XMLCourses2023\HTML Labs\Part1\Lab1\ex1.html
		ITMO.HTML&XMLCourses2023\HTML Labs\Part1\Lab1\ex2.html = ITMO.HTML&XMLCourses2023\HTML Labs\Part1\Lab1\ex2.html
		ITMO.HTML&XMLCourses2023\HTML Labs\Part1\Lab1\ex3.html = ITMO.HTML&XMLCourses2023\HTML Labs\Part1\Lab1\ex3.html
	EndProjectSection
EndProject
Project("{2150E333-8FDC-42A3-9474-1A3956D46DE8}") = "Lab2", "Lab2", "{5ADA2CF5-2237-4119-AACB-29BD2988B9A8}"
	ProjectSection(SolutionItems) = preProject
		ITMO.HTML&XMLCourses2023\HTML Labs\Part1\Lab2\Ex1_index.html = ITMO.HTML&XMLCourses2023\HTML Labs\Part1\Lab2\Ex1_index.html
		ITMO.HTML&XMLCourses2023\HTML Labs\Part1\Lab2\Ex2_index.html = ITMO.HTML&XMLCourses2023\HTML Labs\Part1\Lab2\Ex2_index.html
		ITMO.HTML&XMLCourses2023\HTML Labs\Part1\Lab2\Ex3_index.html = ITMO.HTML&XMLCourses2023\HTML Labs\Part1\Lab2\Ex3_index.html
		ITMO.HTML&XMLCourses2023\HTML Labs\Part1\Lab2\Ex4_code.html = ITMO.HTML&XMLCourses2023\HTML Labs\Part1\Lab2\Ex4_code.html
		ITMO.HTML&XMLCourses2023\HTML Labs\Part1\Lab2\Ex5_classification.html = ITMO.HTML&XMLCourses2023\HTML Labs\Part1\Lab2\Ex5_classification.html
		ITMO.HTML&XMLCourses2023\HTML Labs\Part1\Lab2\Ex6_classification.html = ITMO.HTML&XMLCourses2023\HTML Labs\Part1\Lab2\Ex6_classification.html
		ITMO.HTML&XMLCourses2023\HTML Labs\Part1\Lab2\Ex7_classification.html = ITMO.HTML&XMLCourses2023\HTML Labs\Part1\Lab2\Ex7_classification.html
		ITMO.HTML&XMLCourses2023\HTML Labs\Part1\Lab2\Ex8_findings.html = ITMO.HTML&XMLCourses2023\HTML Labs\Part1\Lab2\Ex8_findings.html
	EndProjectSection
EndProject
Project("{2150E333-8FDC-42A3-9474-1A3956D46DE8}") = "Lab3", "Lab3", "{0471CEC8-9386-4FBD-B687-5A2E048DD3DB}"
	ProjectSection(SolutionItems) = preProject
		ITMO.HTML&XMLCourses2023\HTML Labs\Part1\Lab3\Ex1_classification.html = ITMO.HTML&XMLCourses2023\HTML Labs\Part1\Lab3\Ex1_classification.html
		ITMO.HTML&XMLCourses2023\HTML Labs\Part1\Lab3\Ex1_index.html = ITMO.HTML&XMLCourses2023\HTML Labs\Part1\Lab3\Ex1_index.html
		ITMO.HTML&XMLCourses2023\HTML Labs\Part1\Lab3\Ex2.html = ITMO.HTML&XMLCourses2023\HTML Labs\Part1\Lab3\Ex2.html
		ITMO.HTML&XMLCourses2023\HTML Labs\Part1\Lab3\Ex3.html = ITMO.HTML&XMLCourses2023\HTML Labs\Part1\Lab3\Ex3.html
		ITMO.HTML&XMLCourses2023\HTML Labs\Part1\Lab3\Ex4_about_buttons.html = ITMO.HTML&XMLCourses2023\HTML Labs\Part1\Lab3\Ex4_about_buttons.html
	EndProjectSection
EndProject
Project("{2150E333-8FDC-42A3-9474-1A3956D46DE8}") = "Lab4", "Lab4", "{543989FA-2711-4157-8512-CE99F863323A}"
	ProjectSection(SolutionItems) = preProject
		ITMO.HTML&XMLCourses2023\HTML Labs\Part1\Lab4\Ex1.html = ITMO.HTML&XMLCourses2023\HTML Labs\Part1\Lab4\Ex1.html
		ITMO.HTML&XMLCourses2023\HTML Labs\Part1\Lab4\Ex2.html = ITMO.HTML&XMLCourses2023\HTML Labs\Part1\Lab4\Ex2.html
		ITMO.HTML&XMLCourses2023\HTML Labs\Part1\Lab4\Ex3.html = ITMO.HTML&XMLCourses2023\HTML Labs\Part1\Lab4\Ex3.html
		ITMO.HTML&XMLCourses2023\HTML Labs\Part1\Lab4\Ex4.html = ITMO.HTML&XMLCourses2023\HTML Labs\Part1\Lab4\Ex4.html
		ITMO.HTML&XMLCourses2023\HTML Labs\Part1\Lab4\Ex5_table.html = ITMO.HTML&XMLCourses2023\HTML Labs\Part1\Lab4\Ex5_table.html
	EndProjectSection
EndProject
Project("{2150E333-8FDC-42A3-9474-1A3956D46DE8}") = "Lab5", "Lab5", "{1B543B53-A0BC-4614-A957-AE75C7D79834}"
	ProjectSection(SolutionItems) = preProject
		ITMO.HTML&XMLCourses2023\HTML Labs\Part1\Lab5\button_1.jpg = ITMO.HTML&XMLCourses2023\HTML Labs\Part1\Lab5\button_1.jpg
		ITMO.HTML&XMLCourses2023\HTML Labs\Part1\Lab5\button_4.jpg = ITMO.HTML&XMLCourses2023\HTML Labs\Part1\Lab5\button_4.jpg
		ITMO.HTML&XMLCourses2023\HTML Labs\Part1\Lab5\Ex1-3_index.html = ITMO.HTML&XMLCourses2023\HTML Labs\Part1\Lab5\Ex1-3_index.html
		ITMO.HTML&XMLCourses2023\HTML Labs\Part1\Lab5\Ex3_classification.html = ITMO.HTML&XMLCourses2023\HTML Labs\Part1\Lab5\Ex3_classification.html
		ITMO.HTML&XMLCourses2023\HTML Labs\Part1\Lab5\Ex4_map.html = ITMO.HTML&XMLCourses2023\HTML Labs\Part1\Lab5\Ex4_map.html
		ITMO.HTML&XMLCourses2023\HTML Labs\Part1\Lab5\Ex5.html = ITMO.HTML&XMLCourses2023\HTML Labs\Part1\Lab5\Ex5.html
		ITMO.HTML&XMLCourses2023\HTML Labs\Part1\Lab5\video.mp4 = ITMO.HTML&XMLCourses2023\HTML Labs\Part1\Lab5\video.mp4
	EndProjectSection
EndProject
Project("{2150E333-8FDC-42A3-9474-1A3956D46DE8}") = "Lab6", "Lab6", "{1CCFB759-46F9-48CA-8664-57EE7B1A4926}"
	ProjectSection(SolutionItems) = preProject
		ITMO.HTML&XMLCourses2023\HTML Labs\Part1\Lab6\enot.jpg = ITMO.HTML&XMLCourses2023\HTML Labs\Part1\Lab6\enot.jpg
		ITMO.HTML&XMLCourses2023\HTML Labs\Part1\Lab6\Ex1.html = ITMO.HTML&XMLCourses2023\HTML Labs\Part1\Lab6\Ex1.html
		ITMO.HTML&XMLCourses2023\HTML Labs\Part1\Lab6\Ex2.html = ITMO.HTML&XMLCourses2023\HTML Labs\Part1\Lab6\Ex2.html
		ITMO.HTML&XMLCourses2023\HTML Labs\Part1\Lab6\Ex3.html = ITMO.HTML&XMLCourses2023\HTML Labs\Part1\Lab6\Ex3.html
		ITMO.HTML&XMLCourses2023\HTML Labs\Part1\Lab6\Ex4.html = ITMO.HTML&XMLCourses2023\HTML Labs\Part1\Lab6\Ex4.html
		ITMO.HTML&XMLCourses2023\HTML Labs\Part1\Lab6\Ex5.html = ITMO.HTML&XMLCourses2023\HTML Labs\Part1\Lab6\Ex5.html
		ITMO.HTML&XMLCourses2023\HTML Labs\Part1\Lab6\Ex6.html = ITMO.HTML&XMLCourses2023\HTML Labs\Part1\Lab6\Ex6.html
	EndProjectSection
EndProject
Project("{2150E333-8FDC-42A3-9474-1A3956D46DE8}") = "Lab7", "Lab7", "{55458370-E923-4938-8CA9-EABD799BFF1C}"
	ProjectSection(SolutionItems) = preProject
		ITMO.HTML&XMLCourses2023\HTML Labs\Part1\Lab7\block_1.css = ITMO.HTML&XMLCourses2023\HTML Labs\Part1\Lab7\block_1.css
		ITMO.HTML&XMLCourses2023\HTML Labs\Part1\Lab7\block_1.html = ITMO.HTML&XMLCourses2023\HTML Labs\Part1\Lab7\block_1.html
		ITMO.HTML&XMLCourses2023\HTML Labs\Part1\Lab7\block_2.css = ITMO.HTML&XMLCourses2023\HTML Labs\Part1\Lab7\block_2.css
		ITMO.HTML&XMLCourses2023\HTML Labs\Part1\Lab7\block_2.html = ITMO.HTML&XMLCourses2023\HTML Labs\Part1\Lab7\block_2.html
	EndProjectSection
EndProject
Project("{2150E333-8FDC-42A3-9474-1A3956D46DE8}") = "Part2", "Part2", "{5B775231-1F47-4FB0-9D45-1BAC9B3D5812}"
EndProject
Project("{2150E333-8FDC-42A3-9474-1A3956D46DE8}") = "Lab1", "Lab1", "{0A88655E-3092-494F-AA2C-ECC6FF19AA10}"
	ProjectSection(SolutionItems) = preProject
		ITMO.HTML&XMLCourses2023\HTML Labs\Part2\Lab1\button_1.jpg = ITMO.HTML&XMLCourses2023\HTML Labs\Part2\Lab1\button_1.jpg
		ITMO.HTML&XMLCourses2023\HTML Labs\Part2\Lab1\button_3.png = ITMO.HTML&XMLCourses2023\HTML Labs\Part2\Lab1\button_3.png
		ITMO.HTML&XMLCourses2023\HTML Labs\Part2\Lab1\Ex1_classification.html = ITMO.HTML&XMLCourses2023\HTML Labs\Part2\Lab1\Ex1_classification.html
		ITMO.HTML&XMLCourses2023\HTML Labs\Part2\Lab1\Ex1_index.html = ITMO.HTML&XMLCourses2023\HTML Labs\Part2\Lab1\Ex1_index.html
		ITMO.HTML&XMLCourses2023\HTML Labs\Part2\Lab1\Ex2_classification.html = ITMO.HTML&XMLCourses2023\HTML Labs\Part2\Lab1\Ex2_classification.html
		ITMO.HTML&XMLCourses2023\HTML Labs\Part2\Lab1\Ex2_index.html = ITMO.HTML&XMLCourses2023\HTML Labs\Part2\Lab1\Ex2_index.html
		ITMO.HTML&XMLCourses2023\HTML Labs\Part2\Lab1\Ex3_classification.html = ITMO.HTML&XMLCourses2023\HTML Labs\Part2\Lab1\Ex3_classification.html
		ITMO.HTML&XMLCourses2023\HTML Labs\Part2\Lab1\Ex3_index.html = ITMO.HTML&XMLCourses2023\HTML Labs\Part2\Lab1\Ex3_index.html
		ITMO.HTML&XMLCourses2023\HTML Labs\Part2\Lab1\style.css = ITMO.HTML&XMLCourses2023\HTML Labs\Part2\Lab1\style.css
	EndProjectSection
EndProject
Project("{2150E333-8FDC-42A3-9474-1A3956D46DE8}") = "Lab2", "Lab2", "{4392DB06-1B6F-433D-88C9-FE1EDD84AF7C}"
	ProjectSection(SolutionItems) = preProject
		ITMO.HTML&XMLCourses2023\HTML Labs\Part2\Lab2\Ex1-4_about_buttons.html = ITMO.HTML&XMLCourses2023\HTML Labs\Part2\Lab2\Ex1-4_about_buttons.html
	EndProjectSection
EndProject
Project("{2150E333-8FDC-42A3-9474-1A3956D46DE8}") = "Lab3", "Lab3", "{B5EADC13-98DA-4F87-8225-3292C225CE45}"
	ProjectSection(SolutionItems) = preProject
		ITMO.HTML&XMLCourses2023\HTML Labs\Part2\Lab3\Ex1_textFormat_1.html = ITMO.HTML&XMLCourses2023\HTML Labs\Part2\Lab3\Ex1_textFormat_1.html
		ITMO.HTML&XMLCourses2023\HTML Labs\Part2\Lab3\Ex2_textFormat_2.html = ITMO.HTML&XMLCourses2023\HTML Labs\Part2\Lab3\Ex2_textFormat_2.html
		ITMO.HTML&XMLCourses2023\HTML Labs\Part2\Lab3\Ex3_gallery.html = ITMO.HTML&XMLCourses2023\HTML Labs\Part2\Lab3\Ex3_gallery.html
		ITMO.HTML&XMLCourses2023\HTML Labs\Part2\Lab3\img_1.jpg = ITMO.HTML&XMLCourses2023\HTML Labs\Part2\Lab3\img_1.jpg
		ITMO.HTML&XMLCourses2023\HTML Labs\Part2\Lab3\img_2.jpg = ITMO.HTML&XMLCourses2023\HTML Labs\Part2\Lab3\img_2.jpg
		ITMO.HTML&XMLCourses2023\HTML Labs\Part2\Lab3\img_3.jpg = ITMO.HTML&XMLCourses2023\HTML Labs\Part2\Lab3\img_3.jpg
		ITMO.HTML&XMLCourses2023\HTML Labs\Part2\Lab3\img_4.jpg = ITMO.HTML&XMLCourses2023\HTML Labs\Part2\Lab3\img_4.jpg
		ITMO.HTML&XMLCourses2023\HTML Labs\Part2\Lab3\img_5.jpg = ITMO.HTML&XMLCourses2023\HTML Labs\Part2\Lab3\img_5.jpg
		ITMO.HTML&XMLCourses2023\HTML Labs\Part2\Lab3\img_6.gif = ITMO.HTML&XMLCourses2023\HTML Labs\Part2\Lab3\img_6.gif
		ITMO.HTML&XMLCourses2023\HTML Labs\Part2\Lab3\reset  for gallery.css = ITMO.HTML&XMLCourses2023\HTML Labs\Part2\Lab3\reset  for gallery.css
		ITMO.HTML&XMLCourses2023\HTML Labs\Part2\Lab3\reset.css = ITMO.HTML&XMLCourses2023\HTML Labs\Part2\Lab3\reset.css
		ITMO.HTML&XMLCourses2023\HTML Labs\Part2\Lab3\switok.png = ITMO.HTML&XMLCourses2023\HTML Labs\Part2\Lab3\switok.png
	EndProjectSection
EndProject
Project("{2150E333-8FDC-42A3-9474-1A3956D46DE8}") = "Lab4", "Lab4", "{6945675D-7003-4894-A889-AAAD8C0E5D0C}"
	ProjectSection(SolutionItems) = preProject
		ITMO.HTML&XMLCourses2023\HTML Labs\Part2\Lab4\form.html = ITMO.HTML&XMLCourses2023\HTML Labs\Part2\Lab4\form.html
		ITMO.HTML&XMLCourses2023\HTML Labs\Part2\Lab4\global.css = ITMO.HTML&XMLCourses2023\HTML Labs\Part2\Lab4\global.css
		ITMO.HTML&XMLCourses2023\HTML Labs\Part2\Lab4\table.html = ITMO.HTML&XMLCourses2023\HTML Labs\Part2\Lab4\table.html
	EndProjectSection
EndProject
Project("{2150E333-8FDC-42A3-9474-1A3956D46DE8}") = "css", "css", "{CE6D1AEA-8CD8-467C-AF61-642F708A5F1D}"
	ProjectSection(SolutionItems) = preProject
		ITMO.HTML&XMLCourses2023\HTML Labs\Part2\Lab4\css\main.css = ITMO.HTML&XMLCourses2023\HTML Labs\Part2\Lab4\css\main.css
	EndProjectSection
EndProject
Project("{2150E333-8FDC-42A3-9474-1A3956D46DE8}") = "images", "images", "{32F3AE81-C99B-48AF-96C5-39FA6F77CF90}"
	ProjectSection(SolutionItems) = preProject
		ITMO.HTML&XMLCourses2023\HTML Labs\Part2\Lab4\images\star.png = ITMO.HTML&XMLCourses2023\HTML Labs\Part2\Lab4\images\star.png
		ITMO.HTML&XMLCourses2023\HTML Labs\Part2\Lab4\images\underline.png = ITMO.HTML&XMLCourses2023\HTML Labs\Part2\Lab4\images\underline.png
	EndProjectSection
EndProject
Project("{2150E333-8FDC-42A3-9474-1A3956D46DE8}") = "XML Labs", "XML Labs", "{E497B11A-8957-4020-9154-DE52258368EE}"
EndProject
Project("{2150E333-8FDC-42A3-9474-1A3956D46DE8}") = "Lab1", "Lab1", "{C98076AF-49CD-406D-A1D9-7089815C3EFE}"
	ProjectSection(SolutionItems) = preProject
		ITMO.HTML&XMLCourses2023\XML Labs\Lab1\Ex1_resume.xml = ITMO.HTML&XMLCourses2023\XML Labs\Lab1\Ex1_resume.xml
		ITMO.HTML&XMLCourses2023\XML Labs\Lab1\Ex2_lesson.xml = ITMO.HTML&XMLCourses2023\XML Labs\Lab1\Ex2_lesson.xml
		ITMO.HTML&XMLCourses2023\XML Labs\Lab1\Ex3_lesson-ns.xml = ITMO.HTML&XMLCourses2023\XML Labs\Lab1\Ex3_lesson-ns.xml
	EndProjectSection
EndProject
Project("{2150E333-8FDC-42A3-9474-1A3956D46DE8}") = "Lab2", "Lab2", "{7E28F011-99D9-4612-8FD2-4E4C9868638C}"
	ProjectSection(SolutionItems) = preProject
		ITMO.HTML&XMLCourses2023\XML Labs\Lab2\Ex1_lesson.xml = ITMO.HTML&XMLCourses2023\XML Labs\Lab2\Ex1_lesson.xml
		ITMO.HTML&XMLCourses2023\XML Labs\Lab2\Ex1_lesson_DTD.dtd = ITMO.HTML&XMLCourses2023\XML Labs\Lab2\Ex1_lesson_DTD.dtd
		ITMO.HTML&XMLCourses2023\XML Labs\Lab2\Ex2_library.xml = ITMO.HTML&XMLCourses2023\XML Labs\Lab2\Ex2_library.xml
		ITMO.HTML&XMLCourses2023\XML Labs\Lab2\Ex2_library_DTD.dtd = ITMO.HTML&XMLCourses2023\XML Labs\Lab2\Ex2_library_DTD.dtd
	EndProjectSection
EndProject
Project("{2150E333-8FDC-42A3-9474-1A3956D46DE8}") = "Lab3", "Lab3", "{B3089BDB-7DC1-49A2-A974-BB168CB9ABA4}"
	ProjectSection(SolutionItems) = preProject
		ITMO.HTML&XMLCourses2023\XML Labs\Lab3\Ex1_lesson.xml = ITMO.HTML&XMLCourses2023\XML Labs\Lab3\Ex1_lesson.xml
		ITMO.HTML&XMLCourses2023\XML Labs\Lab3\Ex1_lesson_XML.xsd = ITMO.HTML&XMLCourses2023\XML Labs\Lab3\Ex1_lesson_XML.xsd
		ITMO.HTML&XMLCourses2023\XML Labs\Lab3\Ex2_resume.xml = ITMO.HTML&XMLCourses2023\XML Labs\Lab3\Ex2_resume.xml
		ITMO.HTML&XMLCourses2023\XML Labs\Lab3\Ex2_resume.xsd = ITMO.HTML&XMLCourses2023\XML Labs\Lab3\Ex2_resume.xsd
	EndProjectSection
EndProject
Project("{2150E333-8FDC-42A3-9474-1A3956D46DE8}") = "ITMO.ADO.NETCourse2023", "ITMO.ADO.NETCourse2023", "{C8EA324C-4E11-4D66-8479-A31147EA651A}"
EndProject
Project("{2150E333-8FDC-42A3-9474-1A3956D46DE8}") = "Lab1", "Lab1", "{36DF4D57-0761-4FE1-8457-0D82CF1D14C2}"
EndProject
Project("{2150E333-8FDC-42A3-9474-1A3956D46DE8}") = "Lab2", "Lab2", "{6DB0A191-C564-4180-9EB7-1524066AEA04}"
EndProject
Project("{2150E333-8FDC-42A3-9474-1A3956D46DE8}") = "Lab3", "Lab3", "{EEC0A03A-C75D-4B00-85D5-1DB2D74EB989}"
EndProject
Project("{2150E333-8FDC-42A3-9474-1A3956D46DE8}") = "Lab4", "Lab4", "{0E38A29B-9BB6-456E-96E9-01AE12BD443D}"
EndProject
Project("{2150E333-8FDC-42A3-9474-1A3956D46DE8}") = "Lab5", "Lab5", "{ED4588F5-4199-4A4F-BE13-4C399DCD8E87}"
EndProject
Project("{2150E333-8FDC-42A3-9474-1A3956D46DE8}") = "Lab6", "Lab6", "{57CB4845-7D3D-4D4D-B15F-F284DC31CAA5}"
EndProject
Project("{2150E333-8FDC-42A3-9474-1A3956D46DE8}") = "Ex2-5.DBConnection", "Ex2-5.DBConnection", "{0D82D377-018D-4775-A665-6F9B66FBA2B0}"
	ProjectSection(SolutionItems) = preProject
		ITMO.ADO.NETCourse2023\Lab1\Ex2-5.DBConnection\DBConnection.sln = ITMO.ADO.NETCourse2023\Lab1\Ex2-5.DBConnection\DBConnection.sln
	EndProjectSection
EndProject
Project("{2150E333-8FDC-42A3-9474-1A3956D46DE8}") = "DBConnection", "DBConnection", "{8C396173-E378-450F-8727-C42060B34511}"
EndProject
Project("{FAE04EC0-301F-11D3-BF4B-00C04F79EFBC}") = "DBConnection", "ITMO.ADO.NETCourse2023\Lab1\Ex2-5.DBConnection\DBConnection\DBConnection.csproj", "{6436D874-2DC8-48A6-81FB-3054328D44BB}"
EndProject
Project("{2150E333-8FDC-42A3-9474-1A3956D46DE8}") = "Ex1-3.DBConnection", "Ex1-3.DBConnection", "{2FE6B880-2D5E-43F6-A88B-773E3AD3210A}"
	ProjectSection(SolutionItems) = preProject
		ITMO.ADO.NETCourse2023\Lab2\Ex1-3.DBConnection\DBConnection.sln = ITMO.ADO.NETCourse2023\Lab2\Ex1-3.DBConnection\DBConnection.sln
	EndProjectSection
EndProject
Project("{2150E333-8FDC-42A3-9474-1A3956D46DE8}") = "DBConnection", "DBConnection", "{BE0E0960-8705-4AEF-9959-993A1C1B046C}"
EndProject
Project("{FAE04EC0-301F-11D3-BF4B-00C04F79EFBC}") = "DBConnection", "ITMO.ADO.NETCourse2023\Lab2\Ex1-3.DBConnection\DBConnection\DBConnection.csproj", "{5D233E62-8809-4C8A-9379-DDB8663E7D8D}"
EndProject
Project("{2150E333-8FDC-42A3-9474-1A3956D46DE8}") = "Ex1,2.DSConnect", "Ex1,2.DSConnect", "{7AD969BD-8ACD-4FDF-B293-7D0969CBB6E3}"
	ProjectSection(SolutionItems) = preProject
		ITMO.ADO.NETCourse2023\Lab3\Ex1,2.DSConnect\DSConnect.sln = ITMO.ADO.NETCourse2023\Lab3\Ex1,2.DSConnect\DSConnect.sln
	EndProjectSection
EndProject
Project("{2150E333-8FDC-42A3-9474-1A3956D46DE8}") = "DSConnect", "DSConnect", "{5EE784EC-70D9-4273-94CD-C3D9D71D54A6}"
EndProject
Project("{FAE04EC0-301F-11D3-BF4B-00C04F79EFBC}") = "DSConnect", "ITMO.ADO.NETCourse2023\Lab3\Ex1,2.DSConnect\DSConnect\DSConnect.csproj", "{75F4CB03-3376-4ED6-B18B-849730CAA523}"
EndProject
Project("{2150E333-8FDC-42A3-9474-1A3956D46DE8}") = "Ex3,4.DBCommand", "Ex3,4.DBCommand", "{9DACBB9C-797E-4C21-A568-7B0230B68129}"
	ProjectSection(SolutionItems) = preProject
		ITMO.ADO.NETCourse2023\Lab3\Ex3,4.DBCommand\DBCommand.sln = ITMO.ADO.NETCourse2023\Lab3\Ex3,4.DBCommand\DBCommand.sln
	EndProjectSection
EndProject
Project("{2150E333-8FDC-42A3-9474-1A3956D46DE8}") = "DBCommand", "DBCommand", "{6FAEF323-429E-46B3-877F-D40AA685895E}"
EndProject
Project("{FAE04EC0-301F-11D3-BF4B-00C04F79EFBC}") = "DBCommand", "ITMO.ADO.NETCourse2023\Lab3\Ex3,4.DBCommand\DBCommand\DBCommand.csproj", "{549E7DBC-1C2C-4D26-83DB-DAFC5CA94AC2}"
EndProject
Project("{2150E333-8FDC-42A3-9474-1A3956D46DE8}") = "Ex1.DataSetDesigner", "Ex1.DataSetDesigner", "{7C831ECD-CDB8-4B09-9B6F-0CF487B7EDF7}"
	ProjectSection(SolutionItems) = preProject
		ITMO.ADO.NETCourse2023\Lab4\Ex1.DataSetDesigner\DataSetDesigner.sln = ITMO.ADO.NETCourse2023\Lab4\Ex1.DataSetDesigner\DataSetDesigner.sln
	EndProjectSection
EndProject
Project("{2150E333-8FDC-42A3-9474-1A3956D46DE8}") = "DataSetDesigner", "DataSetDesigner", "{2F882D8D-6856-4FA4-AC99-0D4E4BE6D5AD}"
EndProject
Project("{FAE04EC0-301F-11D3-BF4B-00C04F79EFBC}") = "DataSetDesigner", "ITMO.ADO.NETCourse2023\Lab4\Ex1.DataSetDesigner\DataSetDesigner\DataSetDesigner.csproj", "{B5FB4599-4585-48E8-81F6-8C8BF58A0BAB}"
EndProject
Project("{2150E333-8FDC-42A3-9474-1A3956D46DE8}") = "Ex2.CreatingDataTable", "Ex2.CreatingDataTable", "{4150EA87-DA9C-4770-B1DD-2F946C189100}"
	ProjectSection(SolutionItems) = preProject
		ITMO.ADO.NETCourse2023\Lab4\Ex2.CreatingDataTable\CreatingDataTable.sln = ITMO.ADO.NETCourse2023\Lab4\Ex2.CreatingDataTable\CreatingDataTable.sln
	EndProjectSection
EndProject
Project("{2150E333-8FDC-42A3-9474-1A3956D46DE8}") = "CreatingDataTable", "CreatingDataTable", "{AC85DCFA-F0E1-4F23-9EEF-D44A69755C6A}"
EndProject
Project("{FAE04EC0-301F-11D3-BF4B-00C04F79EFBC}") = "CreatingDataTable", "ITMO.ADO.NETCourse2023\Lab4\Ex2.CreatingDataTable\CreatingDataTable\CreatingDataTable.csproj", "{233E38B1-F655-4E2D-A0C9-28ADD92811F2}"
EndProject
Project("{2150E333-8FDC-42A3-9474-1A3956D46DE8}") = "Ex3.DataAdapterWizard", "Ex3.DataAdapterWizard", "{95A934B4-D179-4D24-B6E9-BA7749352824}"
	ProjectSection(SolutionItems) = preProject
		ITMO.ADO.NETCourse2023\Lab4\Ex3.DataAdapterWizard\DataAdapterWizard.sln = ITMO.ADO.NETCourse2023\Lab4\Ex3.DataAdapterWizard\DataAdapterWizard.sln
	EndProjectSection
EndProject
Project("{2150E333-8FDC-42A3-9474-1A3956D46DE8}") = "DataAdapterWizard", "DataAdapterWizard", "{C7B147E2-C53B-4925-A384-EF9B4313EF14}"
EndProject
Project("{FAE04EC0-301F-11D3-BF4B-00C04F79EFBC}") = "DataAdapterWizard", "ITMO.ADO.NETCourse2023\Lab4\Ex3.DataAdapterWizard\DataAdapterWizard\DataAdapterWizard.csproj", "{E0C0D6D8-F5BF-4DCB-A27D-18BBCE8D6415}"
EndProject
Project("{2150E333-8FDC-42A3-9474-1A3956D46DE8}") = "Ex4.DataAdapterProgram", "Ex4.DataAdapterProgram", "{F541D1F6-8F2F-4274-9C95-7943940C3389}"
	ProjectSection(SolutionItems) = preProject
		ITMO.ADO.NETCourse2023\Lab4\Ex4.DataAdapterProgram\DataAdapterProgram.sln = ITMO.ADO.NETCourse2023\Lab4\Ex4.DataAdapterProgram\DataAdapterProgram.sln
	EndProjectSection
EndProject
Project("{2150E333-8FDC-42A3-9474-1A3956D46DE8}") = "DataAdapterProgram", "DataAdapterProgram", "{3FE71B10-B963-4A69-AB3D-F275D67F8221}"
EndProject
Project("{FAE04EC0-301F-11D3-BF4B-00C04F79EFBC}") = "DataAdapterProgram", "ITMO.ADO.NETCourse2023\Lab4\Ex4.DataAdapterProgram\DataAdapterProgram\DataAdapterProgram.csproj", "{8F317B89-3012-40CD-AE32-7D199EFC184C}"
EndProject
Project("{2150E333-8FDC-42A3-9474-1A3956D46DE8}") = "Ex5.WorkingDataTable", "Ex5.WorkingDataTable", "{AD0631BF-3245-4B49-813A-DEB139192302}"
	ProjectSection(SolutionItems) = preProject
		ITMO.ADO.NETCourse2023\Lab4\Ex5.WorkingDataTable\WorkingDataTable.sln = ITMO.ADO.NETCourse2023\Lab4\Ex5.WorkingDataTable\WorkingDataTable.sln
	EndProjectSection
EndProject
Project("{2150E333-8FDC-42A3-9474-1A3956D46DE8}") = "WorkingDataTable", "WorkingDataTable", "{28512B58-D065-488D-8168-5BBC819B6DFC}"
EndProject
Project("{FAE04EC0-301F-11D3-BF4B-00C04F79EFBC}") = "WorkingDataTable", "ITMO.ADO.NETCourse2023\Lab4\Ex5.WorkingDataTable\WorkingDataTable\WorkingDataTable.csproj", "{3536CE67-40CB-473F-BADE-5B02F1B7F91C}"
EndProject
Project("{2150E333-8FDC-42A3-9474-1A3956D46DE8}") = "Ex6.DataViewExample", "Ex6.DataViewExample", "{BF9DF179-FD88-4284-8E5B-2E53172FC842}"
	ProjectSection(SolutionItems) = preProject
		ITMO.ADO.NETCourse2023\Lab4\Ex6.DataViewExample\DataViewExample.sln = ITMO.ADO.NETCourse2023\Lab4\Ex6.DataViewExample\DataViewExample.sln
	EndProjectSection
EndProject
Project("{2150E333-8FDC-42A3-9474-1A3956D46DE8}") = "DataViewExample", "DataViewExample", "{1C2135C2-2AEA-40B5-ABC1-89DB670E2429}"
EndProject
Project("{FAE04EC0-301F-11D3-BF4B-00C04F79EFBC}") = "DataViewExample", "ITMO.ADO.NETCourse2023\Lab4\Ex6.DataViewExample\DataViewExample\DataViewExample.csproj", "{5FC6A216-4235-4310-B71F-9996A0BC360A}"
EndProject
Project("{2150E333-8FDC-42A3-9474-1A3956D46DE8}") = "Ex1.DataSourceWizard", "Ex1.DataSourceWizard", "{EBC542EE-D8A8-4910-9316-57D9AD5D0AFA}"
	ProjectSection(SolutionItems) = preProject
		ITMO.ADO.NETCourse2023\Lab5\Ex1.DataSourceWizard\DataSourceWizard.sln = ITMO.ADO.NETCourse2023\Lab5\Ex1.DataSourceWizard\DataSourceWizard.sln
	EndProjectSection
EndProject
Project("{2150E333-8FDC-42A3-9474-1A3956D46DE8}") = "DataSourceWizard", "DataSourceWizard", "{07ADFC53-71B6-46F4-B256-1659388F89BF}"
EndProject
Project("{FAE04EC0-301F-11D3-BF4B-00C04F79EFBC}") = "DataSourceWizard", "ITMO.ADO.NETCourse2023\Lab5\Ex1.DataSourceWizard\DataSourceWizard\DataSourceWizard.csproj", "{DE1D7961-B055-4C2F-85A7-B85D3759FA73}"
EndProject
Project("{2150E333-8FDC-42A3-9474-1A3956D46DE8}") = "Ex2.DataBindingSimple", "Ex2.DataBindingSimple", "{C72ABF27-E6D2-456A-B414-C082B3C3A3EE}"
	ProjectSection(SolutionItems) = preProject
		ITMO.ADO.NETCourse2023\Lab5\Ex2.DataBindingSimple\DataBindingSimple.sln = ITMO.ADO.NETCourse2023\Lab5\Ex2.DataBindingSimple\DataBindingSimple.sln
	EndProjectSection
EndProject
Project("{2150E333-8FDC-42A3-9474-1A3956D46DE8}") = "DataBindingSimple", "DataBindingSimple", "{0B34F3D8-DF30-45E0-8F84-FBE157F33382}"
EndProject
Project("{FAE04EC0-301F-11D3-BF4B-00C04F79EFBC}") = "DataBindingSimple", "ITMO.ADO.NETCourse2023\Lab5\Ex2.DataBindingSimple\DataBindingSimple\DataBindingSimple.csproj", "{F1B27E2F-B2C2-4A76-AB5A-C8E0470C80FE}"
EndProject
Project("{2150E333-8FDC-42A3-9474-1A3956D46DE8}") = "Ex3.DataBindingComplex", "Ex3.DataBindingComplex", "{F85FAC89-4AD9-4388-95DA-2B0472C1764E}"
	ProjectSection(SolutionItems) = preProject
		ITMO.ADO.NETCourse2023\Lab5\Ex3.DataBindingComplex\DataBindingComplex.sln = ITMO.ADO.NETCourse2023\Lab5\Ex3.DataBindingComplex\DataBindingComplex.sln
	EndProjectSection
EndProject
Project("{2150E333-8FDC-42A3-9474-1A3956D46DE8}") = "DataBindingComplex", "DataBindingComplex", "{583D8131-FAE7-4456-9781-E1DDA7415254}"
EndProject
Project("{FAE04EC0-301F-11D3-BF4B-00C04F79EFBC}") = "DataBindingComplex", "ITMO.ADO.NETCourse2023\Lab5\Ex3.DataBindingComplex\DataBindingComplex\DataBindingComplex.csproj", "{62E61D77-25E0-4F3A-A185-85EC8CC41E98}"
EndProject
Project("{2150E333-8FDC-42A3-9474-1A3956D46DE8}") = "Ex4.DataGridViewExample", "Ex4.DataGridViewExample", "{8F6131D1-FFA5-4328-95D5-D91C6120505D}"
	ProjectSection(SolutionItems) = preProject
		ITMO.ADO.NETCourse2023\Lab5\Ex4.DataGridViewExample\DataGridViewExample.sln = ITMO.ADO.NETCourse2023\Lab5\Ex4.DataGridViewExample\DataGridViewExample.sln
	EndProjectSection
EndProject
Project("{2150E333-8FDC-42A3-9474-1A3956D46DE8}") = "DataGridViewExample", "DataGridViewExample", "{F8158763-058E-44A5-9405-47AD6E452CEF}"
EndProject
Project("{FAE04EC0-301F-11D3-BF4B-00C04F79EFBC}") = "DataGridViewExample", "ITMO.ADO.NETCourse2023\Lab5\Ex4.DataGridViewExample\DataGridViewExample\DataGridViewExample.csproj", "{036F3BF3-7093-4D6E-8463-FF9F3138C5F2}"
EndProject
Project("{2150E333-8FDC-42A3-9474-1A3956D46DE8}") = "Ex1.SavingDataSetXml", "Ex1.SavingDataSetXml", "{B5F3ADFC-4CFC-49B9-A1E4-32954EB998BD}"
	ProjectSection(SolutionItems) = preProject
		ITMO.ADO.NETCourse2023\Lab6\Ex1.SavingDataSetXml\SavingDataSetXml.sln = ITMO.ADO.NETCourse2023\Lab6\Ex1.SavingDataSetXml\SavingDataSetXml.sln
	EndProjectSection
EndProject
Project("{2150E333-8FDC-42A3-9474-1A3956D46DE8}") = "SavingDataSetXml", "SavingDataSetXml", "{638A0200-737D-4AB2-BD48-300EF177E433}"
EndProject
Project("{FAE04EC0-301F-11D3-BF4B-00C04F79EFBC}") = "SavingDataSetXml", "ITMO.ADO.NETCourse2023\Lab6\Ex1.SavingDataSetXml\SavingDataSetXml\SavingDataSetXml.csproj", "{C47AB2D6-BD20-4B59-8D01-35538CAA5388}"
EndProject
Project("{2150E333-8FDC-42A3-9474-1A3956D46DE8}") = "Ex2.LoadDataSetXml", "Ex2.LoadDataSetXml", "{D829436A-3A8B-4A8C-8126-46AA4DA8403C}"
	ProjectSection(SolutionItems) = preProject
		ITMO.ADO.NETCourse2023\Lab6\Ex2.LoadDataSetXml\LoadDataSetXml.sln = ITMO.ADO.NETCourse2023\Lab6\Ex2.LoadDataSetXml\LoadDataSetXml.sln
	EndProjectSection
EndProject
Project("{2150E333-8FDC-42A3-9474-1A3956D46DE8}") = "LoadDataSetXml", "LoadDataSetXml", "{07E0D804-3FDB-4CE2-B74F-972190597010}"
EndProject
Project("{FAE04EC0-301F-11D3-BF4B-00C04F79EFBC}") = "LoadDataSetXml", "ITMO.ADO.NETCourse2023\Lab6\Ex2.LoadDataSetXml\LoadDataSetXml\LoadDataSetXml.csproj", "{914699D3-897B-413A-9FC8-E9B14ED5FED9}"
EndProject
Project("{2150E333-8FDC-42A3-9474-1A3956D46DE8}") = "Lab7", "Lab7", "{AEF85D24-AAB6-4EEF-B3A1-0357C114A4A4}"
EndProject
Project("{2150E333-8FDC-42A3-9474-1A3956D46DE8}") = "Ex1-3.Linq_Student", "Ex1-3.Linq_Student", "{3C7C0112-BA7D-42AD-8CE0-38203BF5D2F8}"
	ProjectSection(SolutionItems) = preProject
		ITMO.ADO.NETCourse2023\Lab7\Ex1-3.Linq_Student\Linq_Student.sln = ITMO.ADO.NETCourse2023\Lab7\Ex1-3.Linq_Student\Linq_Student.sln
	EndProjectSection
EndProject
Project("{2150E333-8FDC-42A3-9474-1A3956D46DE8}") = "Linq_Student", "Linq_Student", "{82B98594-A07E-40CB-878A-8D431E035458}"
EndProject
Project("{FAE04EC0-301F-11D3-BF4B-00C04F79EFBC}") = "Linq_Student", "ITMO.ADO.NETCourse2023\Lab7\Ex1-3.Linq_Student\Linq_Student\Linq_Student.csproj", "{1B159CEA-DB96-4FAE-9271-6D1EE0A86A67}"
EndProject
Project("{2150E333-8FDC-42A3-9474-1A3956D46DE8}") = "Lab8", "Lab8", "{9BBF3DE2-3B73-411F-AB8F-37ADD44DF142}"
EndProject
Project("{2150E333-8FDC-42A3-9474-1A3956D46DE8}") = "Ex1,2.LINQsql1_1", "Ex1,2.LINQsql1_1", "{BEFC3526-CC26-4C67-9683-68BDA028F72D}"
EndProject
Project("{2150E333-8FDC-42A3-9474-1A3956D46DE8}") = "Ex3.LINQsqlSproc", "Ex3.LINQsqlSproc", "{AC0F86A3-99DA-41A1-A9F1-CE33813701EF}"
	ProjectSection(SolutionItems) = preProject
		ITMO.ADO.NETCourse2023\Lab8\Ex3.LINQsqlSproc\Ex3.LINQsqlSproc.sln = ITMO.ADO.NETCourse2023\Lab8\Ex3.LINQsqlSproc\Ex3.LINQsqlSproc.sln
	EndProjectSection
EndProject
Project("{2150E333-8FDC-42A3-9474-1A3956D46DE8}") = "Ex4.LINQsql_m", "Ex4.LINQsql_m", "{9FE0A5CA-F70F-4157-8AEB-0E8A1FA6F233}"
	ProjectSection(SolutionItems) = preProject
		ITMO.ADO.NETCourse2023\Lab8\Ex4.LINQsql_m\Ex4.LINQsql_m.sln = ITMO.ADO.NETCourse2023\Lab8\Ex4.LINQsql_m\Ex4.LINQsql_m.sln
	EndProjectSection
EndProject
Project("{2150E333-8FDC-42A3-9474-1A3956D46DE8}") = "Ex1,2.LINQsql1_1", "Ex1,2.LINQsql1_1", "{9DD8BAA1-FA2F-4FB3-8815-F6C58529D237}"
	ProjectSection(SolutionItems) = preProject
		ITMO.ADO.NETCourse2023\Lab8\Ex1,2.LINQsql1_1\Ex1,2.LINQsql1_1.sln = ITMO.ADO.NETCourse2023\Lab8\Ex1,2.LINQsql1_1\Ex1,2.LINQsql1_1.sln
	EndProjectSection
EndProject
Project("{FAE04EC0-301F-11D3-BF4B-00C04F79EFBC}") = "Ex1,2.LINQsql1_1", "ITMO.ADO.NETCourse2023\Lab8\Ex1,2.LINQsql1_1\Ex1,2.LINQsql1_1\Ex1,2.LINQsql1_1.csproj", "{2FA588DF-1A7B-4206-A153-AFA111CA840B}"
EndProject
Project("{2150E333-8FDC-42A3-9474-1A3956D46DE8}") = "Ex3.LINQsqlSproc", "Ex3.LINQsqlSproc", "{CEB78E6B-4AA5-4F2C-84F7-8747AD8E364B}"
EndProject
Project("{FAE04EC0-301F-11D3-BF4B-00C04F79EFBC}") = "Ex3.LINQsqlSproc", "ITMO.ADO.NETCourse2023\Lab8\Ex3.LINQsqlSproc\Ex3.LINQsqlSproc\Ex3.LINQsqlSproc.csproj", "{891E8634-F19E-4524-9098-01922332D72B}"
EndProject
Project("{2150E333-8FDC-42A3-9474-1A3956D46DE8}") = "Ex4.LINQsql_m", "Ex4.LINQsql_m", "{363FB7CB-0DA8-4A8A-92D1-16F7EED916FC}"
EndProject
Project("{FAE04EC0-301F-11D3-BF4B-00C04F79EFBC}") = "Ex4.LINQsql_m", "ITMO.ADO.NETCourse2023\Lab8\Ex4.LINQsql_m\Ex4.LINQsql_m\Ex4.LINQsql_m.csproj", "{4B881B4C-F3EE-4EBC-9ADF-6DA09B2325C1}"
EndProject
Global
	GlobalSection(SolutionConfigurationPlatforms) = preSolution
		Debug|Any CPU = Debug|Any CPU
		Release|Any CPU = Release|Any CPU
	EndGlobalSection
	GlobalSection(ProjectConfigurationPlatforms) = postSolution
		{AD24A5F3-4E54-48A5-A974-237500F56375}.Debug|Any CPU.ActiveCfg = Debug|Any CPU
		{AD24A5F3-4E54-48A5-A974-237500F56375}.Debug|Any CPU.Build.0 = Debug|Any CPU
		{AD24A5F3-4E54-48A5-A974-237500F56375}.Release|Any CPU.ActiveCfg = Release|Any CPU
		{AD24A5F3-4E54-48A5-A974-237500F56375}.Release|Any CPU.Build.0 = Release|Any CPU
		{5326EB6E-9593-450B-A9B8-5FFA822A966A}.Debug|Any CPU.ActiveCfg = Debug|Any CPU
		{5326EB6E-9593-450B-A9B8-5FFA822A966A}.Debug|Any CPU.Build.0 = Debug|Any CPU
		{5326EB6E-9593-450B-A9B8-5FFA822A966A}.Release|Any CPU.ActiveCfg = Release|Any CPU
		{5326EB6E-9593-450B-A9B8-5FFA822A966A}.Release|Any CPU.Build.0 = Release|Any CPU
		{2E0DCDC6-55D6-4F64-A09C-148936211D34}.Debug|Any CPU.ActiveCfg = Debug|Any CPU
		{2E0DCDC6-55D6-4F64-A09C-148936211D34}.Debug|Any CPU.Build.0 = Debug|Any CPU
		{2E0DCDC6-55D6-4F64-A09C-148936211D34}.Release|Any CPU.ActiveCfg = Release|Any CPU
		{2E0DCDC6-55D6-4F64-A09C-148936211D34}.Release|Any CPU.Build.0 = Release|Any CPU
		{E02F8051-F71A-49DE-874B-7CB1ACA1B721}.Debug|Any CPU.ActiveCfg = Debug|Any CPU
		{E02F8051-F71A-49DE-874B-7CB1ACA1B721}.Debug|Any CPU.Build.0 = Debug|Any CPU
		{E02F8051-F71A-49DE-874B-7CB1ACA1B721}.Release|Any CPU.ActiveCfg = Release|Any CPU
		{E02F8051-F71A-49DE-874B-7CB1ACA1B721}.Release|Any CPU.Build.0 = Release|Any CPU
		{7DDA80CC-1860-4313-9BF8-8E6AB030FD14}.Debug|Any CPU.ActiveCfg = Debug|Any CPU
		{7DDA80CC-1860-4313-9BF8-8E6AB030FD14}.Debug|Any CPU.Build.0 = Debug|Any CPU
		{7DDA80CC-1860-4313-9BF8-8E6AB030FD14}.Release|Any CPU.ActiveCfg = Release|Any CPU
		{7DDA80CC-1860-4313-9BF8-8E6AB030FD14}.Release|Any CPU.Build.0 = Release|Any CPU
		{CF3F707B-1650-4172-9925-2BB28304D323}.Debug|Any CPU.ActiveCfg = Debug|Any CPU
		{CF3F707B-1650-4172-9925-2BB28304D323}.Debug|Any CPU.Build.0 = Debug|Any CPU
		{CF3F707B-1650-4172-9925-2BB28304D323}.Release|Any CPU.ActiveCfg = Release|Any CPU
		{CF3F707B-1650-4172-9925-2BB28304D323}.Release|Any CPU.Build.0 = Release|Any CPU
		{918AEEE5-E138-405A-AAE5-06725A2140AB}.Debug|Any CPU.ActiveCfg = Debug|Any CPU
		{918AEEE5-E138-405A-AAE5-06725A2140AB}.Debug|Any CPU.Build.0 = Debug|Any CPU
		{918AEEE5-E138-405A-AAE5-06725A2140AB}.Release|Any CPU.ActiveCfg = Release|Any CPU
		{918AEEE5-E138-405A-AAE5-06725A2140AB}.Release|Any CPU.Build.0 = Release|Any CPU
		{D47EC7E9-3967-45FF-9344-E6308D08CEA7}.Debug|Any CPU.ActiveCfg = Debug|Any CPU
		{D47EC7E9-3967-45FF-9344-E6308D08CEA7}.Debug|Any CPU.Build.0 = Debug|Any CPU
		{D47EC7E9-3967-45FF-9344-E6308D08CEA7}.Release|Any CPU.ActiveCfg = Release|Any CPU
		{D47EC7E9-3967-45FF-9344-E6308D08CEA7}.Release|Any CPU.Build.0 = Release|Any CPU
		{D4ECF0EA-2021-462E-8AEF-709FE8BE423F}.Debug|Any CPU.ActiveCfg = Debug|Any CPU
		{D4ECF0EA-2021-462E-8AEF-709FE8BE423F}.Debug|Any CPU.Build.0 = Debug|Any CPU
		{D4ECF0EA-2021-462E-8AEF-709FE8BE423F}.Release|Any CPU.ActiveCfg = Release|Any CPU
		{D4ECF0EA-2021-462E-8AEF-709FE8BE423F}.Release|Any CPU.Build.0 = Release|Any CPU
		{10642F38-38B6-4B3E-B4D4-0F6C39770512}.Debug|Any CPU.ActiveCfg = Debug|Any CPU
		{10642F38-38B6-4B3E-B4D4-0F6C39770512}.Debug|Any CPU.Build.0 = Debug|Any CPU
		{10642F38-38B6-4B3E-B4D4-0F6C39770512}.Release|Any CPU.ActiveCfg = Release|Any CPU
		{10642F38-38B6-4B3E-B4D4-0F6C39770512}.Release|Any CPU.Build.0 = Release|Any CPU
		{469F16DB-95FC-4339-9566-EA129911E38C}.Debug|Any CPU.ActiveCfg = Debug|Any CPU
		{469F16DB-95FC-4339-9566-EA129911E38C}.Debug|Any CPU.Build.0 = Debug|Any CPU
		{469F16DB-95FC-4339-9566-EA129911E38C}.Release|Any CPU.ActiveCfg = Release|Any CPU
		{469F16DB-95FC-4339-9566-EA129911E38C}.Release|Any CPU.Build.0 = Release|Any CPU
		{D0405A0F-EE49-471C-959B-FB3E6A365078}.Debug|Any CPU.ActiveCfg = Debug|Any CPU
		{D0405A0F-EE49-471C-959B-FB3E6A365078}.Debug|Any CPU.Build.0 = Debug|Any CPU
		{D0405A0F-EE49-471C-959B-FB3E6A365078}.Release|Any CPU.ActiveCfg = Release|Any CPU
		{D0405A0F-EE49-471C-959B-FB3E6A365078}.Release|Any CPU.Build.0 = Release|Any CPU
		{13BAE6DA-0CD7-4E36-8CC2-F876AA6D47EB}.Debug|Any CPU.ActiveCfg = Debug|Any CPU
		{13BAE6DA-0CD7-4E36-8CC2-F876AA6D47EB}.Debug|Any CPU.Build.0 = Debug|Any CPU
		{13BAE6DA-0CD7-4E36-8CC2-F876AA6D47EB}.Release|Any CPU.ActiveCfg = Release|Any CPU
		{13BAE6DA-0CD7-4E36-8CC2-F876AA6D47EB}.Release|Any CPU.Build.0 = Release|Any CPU
		{6C77110F-78F0-4735-899E-86620D462B9F}.Debug|Any CPU.ActiveCfg = Debug|Any CPU
		{6C77110F-78F0-4735-899E-86620D462B9F}.Debug|Any CPU.Build.0 = Debug|Any CPU
		{6C77110F-78F0-4735-899E-86620D462B9F}.Release|Any CPU.ActiveCfg = Release|Any CPU
		{6C77110F-78F0-4735-899E-86620D462B9F}.Release|Any CPU.Build.0 = Release|Any CPU
		{E00E1329-D909-47E6-90C8-1AD7A0A06176}.Debug|Any CPU.ActiveCfg = Debug|Any CPU
		{E00E1329-D909-47E6-90C8-1AD7A0A06176}.Debug|Any CPU.Build.0 = Debug|Any CPU
		{E00E1329-D909-47E6-90C8-1AD7A0A06176}.Release|Any CPU.ActiveCfg = Release|Any CPU
		{E00E1329-D909-47E6-90C8-1AD7A0A06176}.Release|Any CPU.Build.0 = Release|Any CPU
		{DC058A13-2366-420C-A5BF-9F95AFFAF6C1}.Debug|Any CPU.ActiveCfg = Debug|Any CPU
		{DC058A13-2366-420C-A5BF-9F95AFFAF6C1}.Debug|Any CPU.Build.0 = Debug|Any CPU
		{DC058A13-2366-420C-A5BF-9F95AFFAF6C1}.Release|Any CPU.ActiveCfg = Release|Any CPU
		{DC058A13-2366-420C-A5BF-9F95AFFAF6C1}.Release|Any CPU.Build.0 = Release|Any CPU
		{9F008AE7-5CA1-4D87-A718-E91158D649AA}.Debug|Any CPU.ActiveCfg = Debug|Any CPU
		{9F008AE7-5CA1-4D87-A718-E91158D649AA}.Debug|Any CPU.Build.0 = Debug|Any CPU
		{9F008AE7-5CA1-4D87-A718-E91158D649AA}.Release|Any CPU.ActiveCfg = Release|Any CPU
		{9F008AE7-5CA1-4D87-A718-E91158D649AA}.Release|Any CPU.Build.0 = Release|Any CPU
		{49E7B72F-83CA-4053-A4A7-0EE24529B324}.Debug|Any CPU.ActiveCfg = Debug|Any CPU
		{49E7B72F-83CA-4053-A4A7-0EE24529B324}.Debug|Any CPU.Build.0 = Debug|Any CPU
		{49E7B72F-83CA-4053-A4A7-0EE24529B324}.Release|Any CPU.ActiveCfg = Release|Any CPU
		{49E7B72F-83CA-4053-A4A7-0EE24529B324}.Release|Any CPU.Build.0 = Release|Any CPU
		{B8FFB61F-3245-412B-8BE5-BBE6F8F4AE2F}.Debug|Any CPU.ActiveCfg = Debug|Any CPU
		{B8FFB61F-3245-412B-8BE5-BBE6F8F4AE2F}.Debug|Any CPU.Build.0 = Debug|Any CPU
		{B8FFB61F-3245-412B-8BE5-BBE6F8F4AE2F}.Release|Any CPU.ActiveCfg = Release|Any CPU
		{B8FFB61F-3245-412B-8BE5-BBE6F8F4AE2F}.Release|Any CPU.Build.0 = Release|Any CPU
		{80871310-DA9B-4D31-AB86-68C09CAC9DC0}.Debug|Any CPU.ActiveCfg = Debug|Any CPU
		{80871310-DA9B-4D31-AB86-68C09CAC9DC0}.Debug|Any CPU.Build.0 = Debug|Any CPU
		{80871310-DA9B-4D31-AB86-68C09CAC9DC0}.Release|Any CPU.ActiveCfg = Release|Any CPU
		{80871310-DA9B-4D31-AB86-68C09CAC9DC0}.Release|Any CPU.Build.0 = Release|Any CPU
		{5213C9B5-8084-4DF3-A0E5-2E577F7D130E}.Debug|Any CPU.ActiveCfg = Debug|Any CPU
		{5213C9B5-8084-4DF3-A0E5-2E577F7D130E}.Debug|Any CPU.Build.0 = Debug|Any CPU
		{5213C9B5-8084-4DF3-A0E5-2E577F7D130E}.Release|Any CPU.ActiveCfg = Release|Any CPU
		{5213C9B5-8084-4DF3-A0E5-2E577F7D130E}.Release|Any CPU.Build.0 = Release|Any CPU
		{09F45704-14D6-441B-ABDA-29321D18D01F}.Debug|Any CPU.ActiveCfg = Debug|Any CPU
		{09F45704-14D6-441B-ABDA-29321D18D01F}.Debug|Any CPU.Build.0 = Debug|Any CPU
		{09F45704-14D6-441B-ABDA-29321D18D01F}.Release|Any CPU.ActiveCfg = Release|Any CPU
		{09F45704-14D6-441B-ABDA-29321D18D01F}.Release|Any CPU.Build.0 = Release|Any CPU
		{5D16AC4E-E27A-4607-BF32-59D50D0227A4}.Debug|Any CPU.ActiveCfg = Debug|Any CPU
		{5D16AC4E-E27A-4607-BF32-59D50D0227A4}.Debug|Any CPU.Build.0 = Debug|Any CPU
		{5D16AC4E-E27A-4607-BF32-59D50D0227A4}.Release|Any CPU.ActiveCfg = Release|Any CPU
		{5D16AC4E-E27A-4607-BF32-59D50D0227A4}.Release|Any CPU.Build.0 = Release|Any CPU
		{A27CBA1C-371A-4708-BB01-9848A8B50505}.Debug|Any CPU.ActiveCfg = Debug|Any CPU
		{A27CBA1C-371A-4708-BB01-9848A8B50505}.Debug|Any CPU.Build.0 = Debug|Any CPU
		{A27CBA1C-371A-4708-BB01-9848A8B50505}.Release|Any CPU.ActiveCfg = Release|Any CPU
		{A27CBA1C-371A-4708-BB01-9848A8B50505}.Release|Any CPU.Build.0 = Release|Any CPU
		{6436D874-2DC8-48A6-81FB-3054328D44BB}.Debug|Any CPU.ActiveCfg = Debug|Any CPU
		{6436D874-2DC8-48A6-81FB-3054328D44BB}.Debug|Any CPU.Build.0 = Debug|Any CPU
		{6436D874-2DC8-48A6-81FB-3054328D44BB}.Release|Any CPU.ActiveCfg = Release|Any CPU
		{6436D874-2DC8-48A6-81FB-3054328D44BB}.Release|Any CPU.Build.0 = Release|Any CPU
		{5D233E62-8809-4C8A-9379-DDB8663E7D8D}.Debug|Any CPU.ActiveCfg = Debug|Any CPU
		{5D233E62-8809-4C8A-9379-DDB8663E7D8D}.Debug|Any CPU.Build.0 = Debug|Any CPU
		{5D233E62-8809-4C8A-9379-DDB8663E7D8D}.Release|Any CPU.ActiveCfg = Release|Any CPU
		{5D233E62-8809-4C8A-9379-DDB8663E7D8D}.Release|Any CPU.Build.0 = Release|Any CPU
		{75F4CB03-3376-4ED6-B18B-849730CAA523}.Debug|Any CPU.ActiveCfg = Debug|Any CPU
		{75F4CB03-3376-4ED6-B18B-849730CAA523}.Debug|Any CPU.Build.0 = Debug|Any CPU
		{75F4CB03-3376-4ED6-B18B-849730CAA523}.Release|Any CPU.ActiveCfg = Release|Any CPU
		{75F4CB03-3376-4ED6-B18B-849730CAA523}.Release|Any CPU.Build.0 = Release|Any CPU
		{549E7DBC-1C2C-4D26-83DB-DAFC5CA94AC2}.Debug|Any CPU.ActiveCfg = Debug|Any CPU
		{549E7DBC-1C2C-4D26-83DB-DAFC5CA94AC2}.Debug|Any CPU.Build.0 = Debug|Any CPU
		{549E7DBC-1C2C-4D26-83DB-DAFC5CA94AC2}.Release|Any CPU.ActiveCfg = Release|Any CPU
		{549E7DBC-1C2C-4D26-83DB-DAFC5CA94AC2}.Release|Any CPU.Build.0 = Release|Any CPU
		{B5FB4599-4585-48E8-81F6-8C8BF58A0BAB}.Debug|Any CPU.ActiveCfg = Debug|Any CPU
		{B5FB4599-4585-48E8-81F6-8C8BF58A0BAB}.Debug|Any CPU.Build.0 = Debug|Any CPU
		{B5FB4599-4585-48E8-81F6-8C8BF58A0BAB}.Release|Any CPU.ActiveCfg = Release|Any CPU
		{B5FB4599-4585-48E8-81F6-8C8BF58A0BAB}.Release|Any CPU.Build.0 = Release|Any CPU
		{233E38B1-F655-4E2D-A0C9-28ADD92811F2}.Debug|Any CPU.ActiveCfg = Debug|Any CPU
		{233E38B1-F655-4E2D-A0C9-28ADD92811F2}.Debug|Any CPU.Build.0 = Debug|Any CPU
		{233E38B1-F655-4E2D-A0C9-28ADD92811F2}.Release|Any CPU.ActiveCfg = Release|Any CPU
		{233E38B1-F655-4E2D-A0C9-28ADD92811F2}.Release|Any CPU.Build.0 = Release|Any CPU
		{E0C0D6D8-F5BF-4DCB-A27D-18BBCE8D6415}.Debug|Any CPU.ActiveCfg = Debug|Any CPU
		{E0C0D6D8-F5BF-4DCB-A27D-18BBCE8D6415}.Debug|Any CPU.Build.0 = Debug|Any CPU
		{E0C0D6D8-F5BF-4DCB-A27D-18BBCE8D6415}.Release|Any CPU.ActiveCfg = Release|Any CPU
		{E0C0D6D8-F5BF-4DCB-A27D-18BBCE8D6415}.Release|Any CPU.Build.0 = Release|Any CPU
		{8F317B89-3012-40CD-AE32-7D199EFC184C}.Debug|Any CPU.ActiveCfg = Debug|Any CPU
		{8F317B89-3012-40CD-AE32-7D199EFC184C}.Debug|Any CPU.Build.0 = Debug|Any CPU
		{8F317B89-3012-40CD-AE32-7D199EFC184C}.Release|Any CPU.ActiveCfg = Release|Any CPU
		{8F317B89-3012-40CD-AE32-7D199EFC184C}.Release|Any CPU.Build.0 = Release|Any CPU
		{3536CE67-40CB-473F-BADE-5B02F1B7F91C}.Debug|Any CPU.ActiveCfg = Debug|Any CPU
		{3536CE67-40CB-473F-BADE-5B02F1B7F91C}.Debug|Any CPU.Build.0 = Debug|Any CPU
		{3536CE67-40CB-473F-BADE-5B02F1B7F91C}.Release|Any CPU.ActiveCfg = Release|Any CPU
		{3536CE67-40CB-473F-BADE-5B02F1B7F91C}.Release|Any CPU.Build.0 = Release|Any CPU
		{5FC6A216-4235-4310-B71F-9996A0BC360A}.Debug|Any CPU.ActiveCfg = Debug|Any CPU
		{5FC6A216-4235-4310-B71F-9996A0BC360A}.Debug|Any CPU.Build.0 = Debug|Any CPU
		{5FC6A216-4235-4310-B71F-9996A0BC360A}.Release|Any CPU.ActiveCfg = Release|Any CPU
		{5FC6A216-4235-4310-B71F-9996A0BC360A}.Release|Any CPU.Build.0 = Release|Any CPU
		{DE1D7961-B055-4C2F-85A7-B85D3759FA73}.Debug|Any CPU.ActiveCfg = Debug|Any CPU
		{DE1D7961-B055-4C2F-85A7-B85D3759FA73}.Debug|Any CPU.Build.0 = Debug|Any CPU
		{DE1D7961-B055-4C2F-85A7-B85D3759FA73}.Release|Any CPU.ActiveCfg = Release|Any CPU
		{DE1D7961-B055-4C2F-85A7-B85D3759FA73}.Release|Any CPU.Build.0 = Release|Any CPU
		{F1B27E2F-B2C2-4A76-AB5A-C8E0470C80FE}.Debug|Any CPU.ActiveCfg = Debug|Any CPU
		{F1B27E2F-B2C2-4A76-AB5A-C8E0470C80FE}.Debug|Any CPU.Build.0 = Debug|Any CPU
		{F1B27E2F-B2C2-4A76-AB5A-C8E0470C80FE}.Release|Any CPU.ActiveCfg = Release|Any CPU
		{F1B27E2F-B2C2-4A76-AB5A-C8E0470C80FE}.Release|Any CPU.Build.0 = Release|Any CPU
		{62E61D77-25E0-4F3A-A185-85EC8CC41E98}.Debug|Any CPU.ActiveCfg = Debug|Any CPU
		{62E61D77-25E0-4F3A-A185-85EC8CC41E98}.Debug|Any CPU.Build.0 = Debug|Any CPU
		{62E61D77-25E0-4F3A-A185-85EC8CC41E98}.Release|Any CPU.ActiveCfg = Release|Any CPU
		{62E61D77-25E0-4F3A-A185-85EC8CC41E98}.Release|Any CPU.Build.0 = Release|Any CPU
		{036F3BF3-7093-4D6E-8463-FF9F3138C5F2}.Debug|Any CPU.ActiveCfg = Debug|Any CPU
		{036F3BF3-7093-4D6E-8463-FF9F3138C5F2}.Debug|Any CPU.Build.0 = Debug|Any CPU
		{036F3BF3-7093-4D6E-8463-FF9F3138C5F2}.Release|Any CPU.ActiveCfg = Release|Any CPU
		{036F3BF3-7093-4D6E-8463-FF9F3138C5F2}.Release|Any CPU.Build.0 = Release|Any CPU
		{C47AB2D6-BD20-4B59-8D01-35538CAA5388}.Debug|Any CPU.ActiveCfg = Debug|Any CPU
		{C47AB2D6-BD20-4B59-8D01-35538CAA5388}.Debug|Any CPU.Build.0 = Debug|Any CPU
		{C47AB2D6-BD20-4B59-8D01-35538CAA5388}.Release|Any CPU.ActiveCfg = Release|Any CPU
		{C47AB2D6-BD20-4B59-8D01-35538CAA5388}.Release|Any CPU.Build.0 = Release|Any CPU
		{914699D3-897B-413A-9FC8-E9B14ED5FED9}.Debug|Any CPU.ActiveCfg = Debug|Any CPU
		{914699D3-897B-413A-9FC8-E9B14ED5FED9}.Debug|Any CPU.Build.0 = Debug|Any CPU
		{914699D3-897B-413A-9FC8-E9B14ED5FED9}.Release|Any CPU.ActiveCfg = Release|Any CPU
		{914699D3-897B-413A-9FC8-E9B14ED5FED9}.Release|Any CPU.Build.0 = Release|Any CPU
		{1B159CEA-DB96-4FAE-9271-6D1EE0A86A67}.Debug|Any CPU.ActiveCfg = Debug|Any CPU
		{1B159CEA-DB96-4FAE-9271-6D1EE0A86A67}.Debug|Any CPU.Build.0 = Debug|Any CPU
		{1B159CEA-DB96-4FAE-9271-6D1EE0A86A67}.Release|Any CPU.ActiveCfg = Release|Any CPU
		{1B159CEA-DB96-4FAE-9271-6D1EE0A86A67}.Release|Any CPU.Build.0 = Release|Any CPU
		{2FA588DF-1A7B-4206-A153-AFA111CA840B}.Debug|Any CPU.ActiveCfg = Debug|Any CPU
		{2FA588DF-1A7B-4206-A153-AFA111CA840B}.Debug|Any CPU.Build.0 = Debug|Any CPU
		{2FA588DF-1A7B-4206-A153-AFA111CA840B}.Release|Any CPU.ActiveCfg = Release|Any CPU
		{2FA588DF-1A7B-4206-A153-AFA111CA840B}.Release|Any CPU.Build.0 = Release|Any CPU
		{891E8634-F19E-4524-9098-01922332D72B}.Debug|Any CPU.ActiveCfg = Debug|Any CPU
		{891E8634-F19E-4524-9098-01922332D72B}.Debug|Any CPU.Build.0 = Debug|Any CPU
		{891E8634-F19E-4524-9098-01922332D72B}.Release|Any CPU.ActiveCfg = Release|Any CPU
		{891E8634-F19E-4524-9098-01922332D72B}.Release|Any CPU.Build.0 = Release|Any CPU
		{4B881B4C-F3EE-4EBC-9ADF-6DA09B2325C1}.Debug|Any CPU.ActiveCfg = Debug|Any CPU
		{4B881B4C-F3EE-4EBC-9ADF-6DA09B2325C1}.Debug|Any CPU.Build.0 = Debug|Any CPU
		{4B881B4C-F3EE-4EBC-9ADF-6DA09B2325C1}.Release|Any CPU.ActiveCfg = Release|Any CPU
		{4B881B4C-F3EE-4EBC-9ADF-6DA09B2325C1}.Release|Any CPU.Build.0 = Release|Any CPU
	EndGlobalSection
	GlobalSection(SolutionProperties) = preSolution
		HideSolutionNode = FALSE
	EndGlobalSection
	GlobalSection(NestedProjects) = preSolution
		{F7F2B542-1D08-4F88-AC02-3FC31DCA2D6A} = {535C0665-95CC-4CEC-AFBE-AA04BE831079}
		{0DBC5B96-BC76-45FC-8AF1-51F131DCBD3F} = {535C0665-95CC-4CEC-AFBE-AA04BE831079}
		{CDFBBE01-83A2-49E3-9E2E-0CE6F3EE21AA} = {F7F2B542-1D08-4F88-AC02-3FC31DCA2D6A}
		{FB9FEC9A-7381-4662-A2FF-CD1F92F6AEB5} = {F7F2B542-1D08-4F88-AC02-3FC31DCA2D6A}
		{9441B844-64D6-45BB-9541-CE5948720B0D} = {0DBC5B96-BC76-45FC-8AF1-51F131DCBD3F}
		{AD24A5F3-4E54-48A5-A974-237500F56375} = {CDFBBE01-83A2-49E3-9E2E-0CE6F3EE21AA}
		{5326EB6E-9593-450B-A9B8-5FFA822A966A} = {CDFBBE01-83A2-49E3-9E2E-0CE6F3EE21AA}
		{2E0DCDC6-55D6-4F64-A09C-148936211D34} = {CDFBBE01-83A2-49E3-9E2E-0CE6F3EE21AA}
		{E02F8051-F71A-49DE-874B-7CB1ACA1B721} = {CDFBBE01-83A2-49E3-9E2E-0CE6F3EE21AA}
		{7DDA80CC-1860-4313-9BF8-8E6AB030FD14} = {CDFBBE01-83A2-49E3-9E2E-0CE6F3EE21AA}
		{CF3F707B-1650-4172-9925-2BB28304D323} = {CDFBBE01-83A2-49E3-9E2E-0CE6F3EE21AA}
		{918AEEE5-E138-405A-AAE5-06725A2140AB} = {FB9FEC9A-7381-4662-A2FF-CD1F92F6AEB5}
		{D47EC7E9-3967-45FF-9344-E6308D08CEA7} = {FB9FEC9A-7381-4662-A2FF-CD1F92F6AEB5}
		{D4ECF0EA-2021-462E-8AEF-709FE8BE423F} = {FB9FEC9A-7381-4662-A2FF-CD1F92F6AEB5}
		{10642F38-38B6-4B3E-B4D4-0F6C39770512} = {FB9FEC9A-7381-4662-A2FF-CD1F92F6AEB5}
		{469F16DB-95FC-4339-9566-EA129911E38C} = {FB9FEC9A-7381-4662-A2FF-CD1F92F6AEB5}
		{D0405A0F-EE49-471C-959B-FB3E6A365078} = {FB9FEC9A-7381-4662-A2FF-CD1F92F6AEB5}
		{13BAE6DA-0CD7-4E36-8CC2-F876AA6D47EB} = {FB9FEC9A-7381-4662-A2FF-CD1F92F6AEB5}
		{6C77110F-78F0-4735-899E-86620D462B9F} = {FB9FEC9A-7381-4662-A2FF-CD1F92F6AEB5}
		{E00E1329-D909-47E6-90C8-1AD7A0A06176} = {FB9FEC9A-7381-4662-A2FF-CD1F92F6AEB5}
		{DC058A13-2366-420C-A5BF-9F95AFFAF6C1} = {9441B844-64D6-45BB-9541-CE5948720B0D}
		{9F008AE7-5CA1-4D87-A718-E91158D649AA} = {9441B844-64D6-45BB-9541-CE5948720B0D}
		{D034AB36-D41E-4A39-AF45-3FBF85CB0C07} = {0DBC5B96-BC76-45FC-8AF1-51F131DCBD3F}
		{49E7B72F-83CA-4053-A4A7-0EE24529B324} = {D034AB36-D41E-4A39-AF45-3FBF85CB0C07}
		{B8FFB61F-3245-412B-8BE5-BBE6F8F4AE2F} = {D034AB36-D41E-4A39-AF45-3FBF85CB0C07}
		{A6800907-7A2E-4A30-A74B-D98430473C50} = {0DBC5B96-BC76-45FC-8AF1-51F131DCBD3F}
		{80871310-DA9B-4D31-AB86-68C09CAC9DC0} = {A6800907-7A2E-4A30-A74B-D98430473C50}
		{5213C9B5-8084-4DF3-A0E5-2E577F7D130E} = {A6800907-7A2E-4A30-A74B-D98430473C50}
		{09F45704-14D6-441B-ABDA-29321D18D01F} = {A6800907-7A2E-4A30-A74B-D98430473C50}
		{AF5AFDDE-F706-4BB4-AC2B-FBEC4C1E31CC} = {0DBC5B96-BC76-45FC-8AF1-51F131DCBD3F}
		{5D16AC4E-E27A-4607-BF32-59D50D0227A4} = {AF5AFDDE-F706-4BB4-AC2B-FBEC4C1E31CC}
		{A6C0D23B-4ADE-4F46-B58E-21CB730D5529} = {535C0665-95CC-4CEC-AFBE-AA04BE831079}
		{A27CBA1C-371A-4708-BB01-9848A8B50505} = {A6C0D23B-4ADE-4F46-B58E-21CB730D5529}
		{1071DFAC-9089-4161-A2EB-516F286EA49C} = {0177E5C0-90C3-487F-A02F-1A45338A232C}
		{19E35C82-990A-41A3-8F2B-54F7FD2B114F} = {1071DFAC-9089-4161-A2EB-516F286EA49C}
		{3E44D95B-9197-48E6-A56A-7E6D2E66C66D} = {19E35C82-990A-41A3-8F2B-54F7FD2B114F}
		{5ADA2CF5-2237-4119-AACB-29BD2988B9A8} = {19E35C82-990A-41A3-8F2B-54F7FD2B114F}
		{0471CEC8-9386-4FBD-B687-5A2E048DD3DB} = {19E35C82-990A-41A3-8F2B-54F7FD2B114F}
		{543989FA-2711-4157-8512-CE99F863323A} = {19E35C82-990A-41A3-8F2B-54F7FD2B114F}
		{1B543B53-A0BC-4614-A957-AE75C7D79834} = {19E35C82-990A-41A3-8F2B-54F7FD2B114F}
		{1CCFB759-46F9-48CA-8664-57EE7B1A4926} = {19E35C82-990A-41A3-8F2B-54F7FD2B114F}
		{55458370-E923-4938-8CA9-EABD799BFF1C} = {19E35C82-990A-41A3-8F2B-54F7FD2B114F}
		{5B775231-1F47-4FB0-9D45-1BAC9B3D5812} = {1071DFAC-9089-4161-A2EB-516F286EA49C}
		{0A88655E-3092-494F-AA2C-ECC6FF19AA10} = {5B775231-1F47-4FB0-9D45-1BAC9B3D5812}
		{4392DB06-1B6F-433D-88C9-FE1EDD84AF7C} = {5B775231-1F47-4FB0-9D45-1BAC9B3D5812}
		{B5EADC13-98DA-4F87-8225-3292C225CE45} = {5B775231-1F47-4FB0-9D45-1BAC9B3D5812}
		{6945675D-7003-4894-A889-AAAD8C0E5D0C} = {5B775231-1F47-4FB0-9D45-1BAC9B3D5812}
		{CE6D1AEA-8CD8-467C-AF61-642F708A5F1D} = {6945675D-7003-4894-A889-AAAD8C0E5D0C}
		{32F3AE81-C99B-48AF-96C5-39FA6F77CF90} = {6945675D-7003-4894-A889-AAAD8C0E5D0C}
		{E497B11A-8957-4020-9154-DE52258368EE} = {0177E5C0-90C3-487F-A02F-1A45338A232C}
		{C98076AF-49CD-406D-A1D9-7089815C3EFE} = {E497B11A-8957-4020-9154-DE52258368EE}
		{7E28F011-99D9-4612-8FD2-4E4C9868638C} = {E497B11A-8957-4020-9154-DE52258368EE}
		{B3089BDB-7DC1-49A2-A974-BB168CB9ABA4} = {E497B11A-8957-4020-9154-DE52258368EE}
		{36DF4D57-0761-4FE1-8457-0D82CF1D14C2} = {C8EA324C-4E11-4D66-8479-A31147EA651A}
		{6DB0A191-C564-4180-9EB7-1524066AEA04} = {C8EA324C-4E11-4D66-8479-A31147EA651A}
		{EEC0A03A-C75D-4B00-85D5-1DB2D74EB989} = {C8EA324C-4E11-4D66-8479-A31147EA651A}
		{0E38A29B-9BB6-456E-96E9-01AE12BD443D} = {C8EA324C-4E11-4D66-8479-A31147EA651A}
		{ED4588F5-4199-4A4F-BE13-4C399DCD8E87} = {C8EA324C-4E11-4D66-8479-A31147EA651A}
		{57CB4845-7D3D-4D4D-B15F-F284DC31CAA5} = {C8EA324C-4E11-4D66-8479-A31147EA651A}
		{0D82D377-018D-4775-A665-6F9B66FBA2B0} = {36DF4D57-0761-4FE1-8457-0D82CF1D14C2}
		{8C396173-E378-450F-8727-C42060B34511} = {0D82D377-018D-4775-A665-6F9B66FBA2B0}
		{6436D874-2DC8-48A6-81FB-3054328D44BB} = {8C396173-E378-450F-8727-C42060B34511}
		{2FE6B880-2D5E-43F6-A88B-773E3AD3210A} = {6DB0A191-C564-4180-9EB7-1524066AEA04}
		{BE0E0960-8705-4AEF-9959-993A1C1B046C} = {2FE6B880-2D5E-43F6-A88B-773E3AD3210A}
		{5D233E62-8809-4C8A-9379-DDB8663E7D8D} = {BE0E0960-8705-4AEF-9959-993A1C1B046C}
		{7AD969BD-8ACD-4FDF-B293-7D0969CBB6E3} = {EEC0A03A-C75D-4B00-85D5-1DB2D74EB989}
		{5EE784EC-70D9-4273-94CD-C3D9D71D54A6} = {7AD969BD-8ACD-4FDF-B293-7D0969CBB6E3}
		{75F4CB03-3376-4ED6-B18B-849730CAA523} = {5EE784EC-70D9-4273-94CD-C3D9D71D54A6}
		{9DACBB9C-797E-4C21-A568-7B0230B68129} = {EEC0A03A-C75D-4B00-85D5-1DB2D74EB989}
		{6FAEF323-429E-46B3-877F-D40AA685895E} = {9DACBB9C-797E-4C21-A568-7B0230B68129}
		{549E7DBC-1C2C-4D26-83DB-DAFC5CA94AC2} = {6FAEF323-429E-46B3-877F-D40AA685895E}
		{7C831ECD-CDB8-4B09-9B6F-0CF487B7EDF7} = {0E38A29B-9BB6-456E-96E9-01AE12BD443D}
		{2F882D8D-6856-4FA4-AC99-0D4E4BE6D5AD} = {7C831ECD-CDB8-4B09-9B6F-0CF487B7EDF7}
		{B5FB4599-4585-48E8-81F6-8C8BF58A0BAB} = {2F882D8D-6856-4FA4-AC99-0D4E4BE6D5AD}
		{4150EA87-DA9C-4770-B1DD-2F946C189100} = {0E38A29B-9BB6-456E-96E9-01AE12BD443D}
		{AC85DCFA-F0E1-4F23-9EEF-D44A69755C6A} = {4150EA87-DA9C-4770-B1DD-2F946C189100}
		{233E38B1-F655-4E2D-A0C9-28ADD92811F2} = {AC85DCFA-F0E1-4F23-9EEF-D44A69755C6A}
		{95A934B4-D179-4D24-B6E9-BA7749352824} = {0E38A29B-9BB6-456E-96E9-01AE12BD443D}
		{C7B147E2-C53B-4925-A384-EF9B4313EF14} = {95A934B4-D179-4D24-B6E9-BA7749352824}
		{E0C0D6D8-F5BF-4DCB-A27D-18BBCE8D6415} = {C7B147E2-C53B-4925-A384-EF9B4313EF14}
		{F541D1F6-8F2F-4274-9C95-7943940C3389} = {0E38A29B-9BB6-456E-96E9-01AE12BD443D}
		{3FE71B10-B963-4A69-AB3D-F275D67F8221} = {F541D1F6-8F2F-4274-9C95-7943940C3389}
		{8F317B89-3012-40CD-AE32-7D199EFC184C} = {3FE71B10-B963-4A69-AB3D-F275D67F8221}
		{AD0631BF-3245-4B49-813A-DEB139192302} = {0E38A29B-9BB6-456E-96E9-01AE12BD443D}
		{28512B58-D065-488D-8168-5BBC819B6DFC} = {AD0631BF-3245-4B49-813A-DEB139192302}
		{3536CE67-40CB-473F-BADE-5B02F1B7F91C} = {28512B58-D065-488D-8168-5BBC819B6DFC}
		{BF9DF179-FD88-4284-8E5B-2E53172FC842} = {0E38A29B-9BB6-456E-96E9-01AE12BD443D}
		{1C2135C2-2AEA-40B5-ABC1-89DB670E2429} = {BF9DF179-FD88-4284-8E5B-2E53172FC842}
		{5FC6A216-4235-4310-B71F-9996A0BC360A} = {1C2135C2-2AEA-40B5-ABC1-89DB670E2429}
		{EBC542EE-D8A8-4910-9316-57D9AD5D0AFA} = {ED4588F5-4199-4A4F-BE13-4C399DCD8E87}
		{07ADFC53-71B6-46F4-B256-1659388F89BF} = {EBC542EE-D8A8-4910-9316-57D9AD5D0AFA}
		{DE1D7961-B055-4C2F-85A7-B85D3759FA73} = {07ADFC53-71B6-46F4-B256-1659388F89BF}
		{C72ABF27-E6D2-456A-B414-C082B3C3A3EE} = {ED4588F5-4199-4A4F-BE13-4C399DCD8E87}
		{0B34F3D8-DF30-45E0-8F84-FBE157F33382} = {C72ABF27-E6D2-456A-B414-C082B3C3A3EE}
		{F1B27E2F-B2C2-4A76-AB5A-C8E0470C80FE} = {0B34F3D8-DF30-45E0-8F84-FBE157F33382}
		{F85FAC89-4AD9-4388-95DA-2B0472C1764E} = {ED4588F5-4199-4A4F-BE13-4C399DCD8E87}
		{583D8131-FAE7-4456-9781-E1DDA7415254} = {F85FAC89-4AD9-4388-95DA-2B0472C1764E}
		{62E61D77-25E0-4F3A-A185-85EC8CC41E98} = {583D8131-FAE7-4456-9781-E1DDA7415254}
		{8F6131D1-FFA5-4328-95D5-D91C6120505D} = {ED4588F5-4199-4A4F-BE13-4C399DCD8E87}
		{F8158763-058E-44A5-9405-47AD6E452CEF} = {8F6131D1-FFA5-4328-95D5-D91C6120505D}
		{036F3BF3-7093-4D6E-8463-FF9F3138C5F2} = {F8158763-058E-44A5-9405-47AD6E452CEF}
		{B5F3ADFC-4CFC-49B9-A1E4-32954EB998BD} = {57CB4845-7D3D-4D4D-B15F-F284DC31CAA5}
		{638A0200-737D-4AB2-BD48-300EF177E433} = {B5F3ADFC-4CFC-49B9-A1E4-32954EB998BD}
		{C47AB2D6-BD20-4B59-8D01-35538CAA5388} = {638A0200-737D-4AB2-BD48-300EF177E433}
		{D829436A-3A8B-4A8C-8126-46AA4DA8403C} = {57CB4845-7D3D-4D4D-B15F-F284DC31CAA5}
		{07E0D804-3FDB-4CE2-B74F-972190597010} = {D829436A-3A8B-4A8C-8126-46AA4DA8403C}
		{914699D3-897B-413A-9FC8-E9B14ED5FED9} = {07E0D804-3FDB-4CE2-B74F-972190597010}
		{AEF85D24-AAB6-4EEF-B3A1-0357C114A4A4} = {C8EA324C-4E11-4D66-8479-A31147EA651A}
		{3C7C0112-BA7D-42AD-8CE0-38203BF5D2F8} = {AEF85D24-AAB6-4EEF-B3A1-0357C114A4A4}
		{82B98594-A07E-40CB-878A-8D431E035458} = {3C7C0112-BA7D-42AD-8CE0-38203BF5D2F8}
		{1B159CEA-DB96-4FAE-9271-6D1EE0A86A67} = {82B98594-A07E-40CB-878A-8D431E035458}
		{9BBF3DE2-3B73-411F-AB8F-37ADD44DF142} = {C8EA324C-4E11-4D66-8479-A31147EA651A}
		{BEFC3526-CC26-4C67-9683-68BDA028F72D} = {9BBF3DE2-3B73-411F-AB8F-37ADD44DF142}
		{AC0F86A3-99DA-41A1-A9F1-CE33813701EF} = {9BBF3DE2-3B73-411F-AB8F-37ADD44DF142}
		{9FE0A5CA-F70F-4157-8AEB-0E8A1FA6F233} = {9BBF3DE2-3B73-411F-AB8F-37ADD44DF142}
		{9DD8BAA1-FA2F-4FB3-8815-F6C58529D237} = {BEFC3526-CC26-4C67-9683-68BDA028F72D}
		{2FA588DF-1A7B-4206-A153-AFA111CA840B} = {9DD8BAA1-FA2F-4FB3-8815-F6C58529D237}
		{CEB78E6B-4AA5-4F2C-84F7-8747AD8E364B} = {AC0F86A3-99DA-41A1-A9F1-CE33813701EF}
		{891E8634-F19E-4524-9098-01922332D72B} = {CEB78E6B-4AA5-4F2C-84F7-8747AD8E364B}
		{363FB7CB-0DA8-4A8A-92D1-16F7EED916FC} = {9FE0A5CA-F70F-4157-8AEB-0E8A1FA6F233}
		{4B881B4C-F3EE-4EBC-9ADF-6DA09B2325C1} = {363FB7CB-0DA8-4A8A-92D1-16F7EED916FC}
	EndGlobalSection
	GlobalSection(ExtensibilityGlobals) = postSolution
		SolutionGuid = {96A37B0C-8C98-4853-BBDD-975EED09B2D7}
	EndGlobalSection
EndGlobal
