
Microsoft Visual Studio Solution File, Format Version 12.00
# Visual Studio Version 17
VisualStudioVersion = 17.5.33627.172
MinimumVisualStudioVersion = 10.0.40219.1
Project("{2150E333-8FDC-42A3-9474-1A3956D46DE8}") = "ITMO.WinCsCourse2023", "ITMO.WinCsCourse2023", "{535C0665-95CC-4CEC-AFBE-AA04BE831079}"
EndProject
Project("{2150E333-8FDC-42A3-9474-1A3956D46DE8}") = "ITMO.WinFormsCsCourse2023", "ITMO.WinFormsCsCourse2023", "{F7F2B542-1D08-4F88-AC02-3FC31DCA2D6A}"
EndProject
Project("{2150E333-8FDC-42A3-9474-1A3956D46DE8}") = "ITMO.WPFCsCourse2023", "ITMO.WPFCsCourse2023", "{0DBC5B96-BC76-45FC-8AF1-51F131DCBD3F}"
EndProject
Project("{2150E333-8FDC-42A3-9474-1A3956D46DE8}") = "ITMO.WinFormsCsCourse2023.Lab1", "ITMO.WinFormsCsCourse2023.Lab1", "{CDFBBE01-83A2-49E3-9E2E-0CE6F3EE21AA}"
EndProject
Project("{2150E333-8FDC-42A3-9474-1A3956D46DE8}") = "ITMO.WinFormsCsCourse2023.Lab2", "ITMO.WinFormsCsCourse2023.Lab2", "{FB9FEC9A-7381-4662-A2FF-CD1F92F6AEB5}"
EndProject
Project("{2150E333-8FDC-42A3-9474-1A3956D46DE8}") = "ITMO.WPFCsCourse2023.Lab1", "ITMO.WPFCsCourse2023.Lab1", "{9441B844-64D6-45BB-9541-CE5948720B0D}"
EndProject
Project("{FAE04EC0-301F-11D3-BF4B-00C04F79EFBC}") = "ITMO.WinFormsCsCourse2023.Lab1Task1", "ITMO.WinCsCourse2023\ITMO.WinFormsCsCourse2023\ITMO.WinFormsCsCourse2023.Lab1\ITMO.WinFormsCsCourse2023.Lab1Task1\ITMO.WinFormsCsCourse2023.Lab1Task1.csproj", "{AD24A5F3-4E54-48A5-A974-237500F56375}"
EndProject
Project("{FAE04EC0-301F-11D3-BF4B-00C04F79EFBC}") = "ITMO.WinFormsCsCourse2023.Lab1Task2", "ITMO.WinCsCourse2023\ITMO.WinFormsCsCourse2023\ITMO.WinFormsCsCourse2023.Lab1\ITMO.WinFormsCsCourse2023.Lab1Task2\ITMO.WinFormsCsCourse2023.Lab1Task2.csproj", "{5326EB6E-9593-450B-A9B8-5FFA822A966A}"
EndProject
Project("{FAE04EC0-301F-11D3-BF4B-00C04F79EFBC}") = "ITMO.WinFormsCsCourse2023.Lab1Task3", "ITMO.WinCsCourse2023\ITMO.WinFormsCsCourse2023\ITMO.WinFormsCsCourse2023.Lab1\ITMO.WinFormsCsCourse2023.Lab1Task3\ITMO.WinFormsCsCourse2023.Lab1Task3.csproj", "{2E0DCDC6-55D6-4F64-A09C-148936211D34}"
EndProject
Global
	GlobalSection(SolutionConfigurationPlatforms) = preSolution
		Debug|Any CPU = Debug|Any CPU
		Release|Any CPU = Release|Any CPU
	EndGlobalSection
	GlobalSection(ProjectConfigurationPlatforms) = postSolution
		{AD24A5F3-4E54-48A5-A974-237500F56375}.Debug|Any CPU.ActiveCfg = Debug|Any CPU
		{AD24A5F3-4E54-48A5-A974-237500F56375}.Debug|Any CPU.Build.0 = Debug|Any CPU
		{AD24A5F3-4E54-48A5-A974-237500F56375}.Release|Any CPU.ActiveCfg = Release|Any CPU
		{AD24A5F3-4E54-48A5-A974-237500F56375}.Release|Any CPU.Build.0 = Release|Any CPU
		{5326EB6E-9593-450B-A9B8-5FFA822A966A}.Debug|Any CPU.ActiveCfg = Debug|Any CPU
		{5326EB6E-9593-450B-A9B8-5FFA822A966A}.Debug|Any CPU.Build.0 = Debug|Any CPU
		{5326EB6E-9593-450B-A9B8-5FFA822A966A}.Release|Any CPU.ActiveCfg = Release|Any CPU
		{5326EB6E-9593-450B-A9B8-5FFA822A966A}.Release|Any CPU.Build.0 = Release|Any CPU
		{2E0DCDC6-55D6-4F64-A09C-148936211D34}.Debug|Any CPU.ActiveCfg = Debug|Any CPU
		{2E0DCDC6-55D6-4F64-A09C-148936211D34}.Debug|Any CPU.Build.0 = Debug|Any CPU
		{2E0DCDC6-55D6-4F64-A09C-148936211D34}.Release|Any CPU.ActiveCfg = Release|Any CPU
		{2E0DCDC6-55D6-4F64-A09C-148936211D34}.Release|Any CPU.Build.0 = Release|Any CPU
	EndGlobalSection
	GlobalSection(SolutionProperties) = preSolution
		HideSolutionNode = FALSE
	EndGlobalSection
	GlobalSection(NestedProjects) = preSolution
		{F7F2B542-1D08-4F88-AC02-3FC31DCA2D6A} = {535C0665-95CC-4CEC-AFBE-AA04BE831079}
		{0DBC5B96-BC76-45FC-8AF1-51F131DCBD3F} = {535C0665-95CC-4CEC-AFBE-AA04BE831079}
		{CDFBBE01-83A2-49E3-9E2E-0CE6F3EE21AA} = {F7F2B542-1D08-4F88-AC02-3FC31DCA2D6A}
		{FB9FEC9A-7381-4662-A2FF-CD1F92F6AEB5} = {F7F2B542-1D08-4F88-AC02-3FC31DCA2D6A}
		{9441B844-64D6-45BB-9541-CE5948720B0D} = {0DBC5B96-BC76-45FC-8AF1-51F131DCBD3F}
		{AD24A5F3-4E54-48A5-A974-237500F56375} = {CDFBBE01-83A2-49E3-9E2E-0CE6F3EE21AA}
		{5326EB6E-9593-450B-A9B8-5FFA822A966A} = {CDFBBE01-83A2-49E3-9E2E-0CE6F3EE21AA}
		{2E0DCDC6-55D6-4F64-A09C-148936211D34} = {CDFBBE01-83A2-49E3-9E2E-0CE6F3EE21AA}
	EndGlobalSection
	GlobalSection(ExtensibilityGlobals) = postSolution
		SolutionGuid = {96A37B0C-8C98-4853-BBDD-975EED09B2D7}
	EndGlobalSection
EndGlobal
