
Microsoft Visual Studio Solution File, Format Version 12.00
# Visual Studio Version 17
VisualStudioVersion = 17.5.33627.172
MinimumVisualStudioVersion = 10.0.40219.1
Project("{2150E333-8FDC-42A3-9474-1A3956D46DE8}") = "ITMO.WinCsCourse2023", "ITMO.WinCsCourse2023", "{535C0665-95CC-4CEC-AFBE-AA04BE831079}"
EndProject
Project("{2150E333-8FDC-42A3-9474-1A3956D46DE8}") = "ITMO.WinFormsCsCourse2023", "ITMO.WinFormsCsCourse2023", "{F7F2B542-1D08-4F88-AC02-3FC31DCA2D6A}"
EndProject
Project("{2150E333-8FDC-42A3-9474-1A3956D46DE8}") = "ITMO.WPFCsCourse2023", "ITMO.WPFCsCourse2023", "{0DBC5B96-BC76-45FC-8AF1-51F131DCBD3F}"
EndProject
Project("{2150E333-8FDC-42A3-9474-1A3956D46DE8}") = "ITMO.WinFormsCsCourse2023.Lab1", "ITMO.WinFormsCsCourse2023.Lab1", "{CDFBBE01-83A2-49E3-9E2E-0CE6F3EE21AA}"
	ProjectSection(SolutionItems) = preProject
		ITMO.WinCsCourse2023\ITMO.WinFormsCsCourse2023\ITMO.WinFormsCsCourse2023.Lab1\ITMO.WinFormsCsCourse2023.Lab1.sln = ITMO.WinCsCourse2023\ITMO.WinFormsCsCourse2023\ITMO.WinFormsCsCourse2023.Lab1\ITMO.WinFormsCsCourse2023.Lab1.sln
	EndProjectSection
EndProject
Project("{2150E333-8FDC-42A3-9474-1A3956D46DE8}") = "ITMO.WinFormsCsCourse2023.Lab2", "ITMO.WinFormsCsCourse2023.Lab2", "{FB9FEC9A-7381-4662-A2FF-CD1F92F6AEB5}"
	ProjectSection(SolutionItems) = preProject
		ITMO.WinCsCourse2023\ITMO.WinFormsCsCourse2023\ITMO.WinFormsCsCourse2023.Lab2\ITMO.WinFormsCsCourse2023.Lab2.sln = ITMO.WinCsCourse2023\ITMO.WinFormsCsCourse2023\ITMO.WinFormsCsCourse2023.Lab2\ITMO.WinFormsCsCourse2023.Lab2.sln
	EndProjectSection
EndProject
Project("{2150E333-8FDC-42A3-9474-1A3956D46DE8}") = "ITMO.WPFCsCourse2023.Lab1", "ITMO.WPFCsCourse2023.Lab1", "{9441B844-64D6-45BB-9541-CE5948720B0D}"
	ProjectSection(SolutionItems) = preProject
		ITMO.WinCsCourse2023\ITMO.WPFCsCourse2023\ITMO.WPFCsCourse2023.Lab1\ITMO.WPFCsCourse2023.Lab1.sln = ITMO.WinCsCourse2023\ITMO.WPFCsCourse2023\ITMO.WPFCsCourse2023.Lab1\ITMO.WPFCsCourse2023.Lab1.sln
	EndProjectSection
EndProject
Project("{FAE04EC0-301F-11D3-BF4B-00C04F79EFBC}") = "ITMO.WinFormsCsCourse2023.Lab1Task1", "ITMO.WinCsCourse2023\ITMO.WinFormsCsCourse2023\ITMO.WinFormsCsCourse2023.Lab1\ITMO.WinFormsCsCourse2023.Lab1Task1\ITMO.WinFormsCsCourse2023.Lab1Task1.csproj", "{AD24A5F3-4E54-48A5-A974-237500F56375}"
EndProject
Project("{FAE04EC0-301F-11D3-BF4B-00C04F79EFBC}") = "ITMO.WinFormsCsCourse2023.Lab1Task2", "ITMO.WinCsCourse2023\ITMO.WinFormsCsCourse2023\ITMO.WinFormsCsCourse2023.Lab1\ITMO.WinFormsCsCourse2023.Lab1Task2\ITMO.WinFormsCsCourse2023.Lab1Task2.csproj", "{5326EB6E-9593-450B-A9B8-5FFA822A966A}"
EndProject
Project("{FAE04EC0-301F-11D3-BF4B-00C04F79EFBC}") = "ITMO.WinFormsCsCourse2023.Lab1Task3", "ITMO.WinCsCourse2023\ITMO.WinFormsCsCourse2023\ITMO.WinFormsCsCourse2023.Lab1\ITMO.WinFormsCsCourse2023.Lab1Task3\ITMO.WinFormsCsCourse2023.Lab1Task3.csproj", "{2E0DCDC6-55D6-4F64-A09C-148936211D34}"
EndProject
Project("{FAE04EC0-301F-11D3-BF4B-00C04F79EFBC}") = "ITMO.WinFormsCsCourse2023.Lab1Task4", "ITMO.WinCsCourse2023\ITMO.WinFormsCsCourse2023\ITMO.WinFormsCsCourse2023.Lab1\ITMO.WinFormsCsCourse2023.Lab1Task4\ITMO.WinFormsCsCourse2023.Lab1Task4.csproj", "{E02F8051-F71A-49DE-874B-7CB1ACA1B721}"
EndProject
Project("{FAE04EC0-301F-11D3-BF4B-00C04F79EFBC}") = "ITMO.WinFormsCsCourse2023.Lab1Task5.1", "ITMO.WinCsCourse2023\ITMO.WinFormsCsCourse2023\ITMO.WinFormsCsCourse2023.Lab1\ITMO.WinFormsCsCourse2023.Lab1Task5.1\ITMO.WinFormsCsCourse2023.Lab1Task5.1.csproj", "{7DDA80CC-1860-4313-9BF8-8E6AB030FD14}"
EndProject
Project("{FAE04EC0-301F-11D3-BF4B-00C04F79EFBC}") = "ITMO.WinFormsCsCourse2023.Lab1Task5.2", "ITMO.WinCsCourse2023\ITMO.WinFormsCsCourse2023\ITMO.WinFormsCsCourse2023.Lab1\ITMO.WinFormsCsCourse2023.Lab1Task5.2\ITMO.WinFormsCsCourse2023.Lab1Task5.2.csproj", "{CF3F707B-1650-4172-9925-2BB28304D323}"
EndProject
Project("{FAE04EC0-301F-11D3-BF4B-00C04F79EFBC}") = "ITMO.WinFormsCsCourse2023.Lab2.Task1", "ITMO.WinCsCourse2023\ITMO.WinFormsCsCourse2023\ITMO.WinFormsCsCourse2023.Lab2\ITMO.WinFormsCsCourse2023.Lab2.Task1\ITMO.WinFormsCsCourse2023.Lab2.Task1.csproj", "{918AEEE5-E138-405A-AAE5-06725A2140AB}"
EndProject
Project("{FAE04EC0-301F-11D3-BF4B-00C04F79EFBC}") = "ITMO.WinFormsCsCourse2023.Lab2.Task2", "ITMO.WinCsCourse2023\ITMO.WinFormsCsCourse2023\ITMO.WinFormsCsCourse2023.Lab2\ITMO.WinFormsCsCourse2023.Lab2.Task2\ITMO.WinFormsCsCourse2023.Lab2.Task2.csproj", "{D47EC7E9-3967-45FF-9344-E6308D08CEA7}"
EndProject
Project("{FAE04EC0-301F-11D3-BF4B-00C04F79EFBC}") = "ITMO.WinFormsCsCourse2023.Lab2.Task3", "ITMO.WinCsCourse2023\ITMO.WinFormsCsCourse2023\ITMO.WinFormsCsCourse2023.Lab2\ITMO.WinFormsCsCourse2023.Lab2.Task3\ITMO.WinFormsCsCourse2023.Lab2.Task3.csproj", "{D4ECF0EA-2021-462E-8AEF-709FE8BE423F}"
EndProject
Project("{FAE04EC0-301F-11D3-BF4B-00C04F79EFBC}") = "ITMO.WinFormsCsCourse2023.Lab2.Task4", "ITMO.WinCsCourse2023\ITMO.WinFormsCsCourse2023\ITMO.WinFormsCsCourse2023.Lab2\ITMO.WinFormsCsCourse2023.Lab2.Task4\ITMO.WinFormsCsCourse2023.Lab2.Task4.csproj", "{10642F38-38B6-4B3E-B4D4-0F6C39770512}"
EndProject
Project("{FAE04EC0-301F-11D3-BF4B-00C04F79EFBC}") = "ITMO.WinFormsCsCourse2023.Lab2.Task5", "ITMO.WinCsCourse2023\ITMO.WinFormsCsCourse2023\ITMO.WinFormsCsCourse2023.Lab2\ITMO.WinFormsCsCourse2023.Lab2.Task5\ITMO.WinFormsCsCourse2023.Lab2.Task5.csproj", "{469F16DB-95FC-4339-9566-EA129911E38C}"
EndProject
Project("{FAE04EC0-301F-11D3-BF4B-00C04F79EFBC}") = "ITMO.WinFormsCsCourse2023.Lab2.Task6", "ITMO.WinCsCourse2023\ITMO.WinFormsCsCourse2023\ITMO.WinFormsCsCourse2023.Lab2\ITMO.WinFormsCsCourse2023.Lab2.Task6\ITMO.WinFormsCsCourse2023.Lab2.Task6.csproj", "{D0405A0F-EE49-471C-959B-FB3E6A365078}"
EndProject
Project("{FAE04EC0-301F-11D3-BF4B-00C04F79EFBC}") = "ITMO.WinFormsCsCourse2023.Lab2.Task7", "ITMO.WinCsCourse2023\ITMO.WinFormsCsCourse2023\ITMO.WinFormsCsCourse2023.Lab2\ITMO.WinFormsCsCourse2023.Lab2.Task7\ITMO.WinFormsCsCourse2023.Lab2.Task7.csproj", "{13BAE6DA-0CD7-4E36-8CC2-F876AA6D47EB}"
EndProject
Project("{FAE04EC0-301F-11D3-BF4B-00C04F79EFBC}") = "ITMO.WinFormsCsCourse2023.Lab2.Task8", "ITMO.WinCsCourse2023\ITMO.WinFormsCsCourse2023\ITMO.WinFormsCsCourse2023.Lab2\ITMO.WinFormsCsCourse2023.Lab2.Task8\ITMO.WinFormsCsCourse2023.Lab2.Task8.csproj", "{6C77110F-78F0-4735-899E-86620D462B9F}"
EndProject
Project("{FAE04EC0-301F-11D3-BF4B-00C04F79EFBC}") = "ITMO.WinFormsCsCourse2023.Lab2.Task9", "ITMO.WinCsCourse2023\ITMO.WinFormsCsCourse2023\ITMO.WinFormsCsCourse2023.Lab2\ITMO.WinFormsCsCourse2023.Lab2.Task9\ITMO.WinFormsCsCourse2023.Lab2.Task9.csproj", "{E00E1329-D909-47E6-90C8-1AD7A0A06176}"
EndProject
Project("{FAE04EC0-301F-11D3-BF4B-00C04F79EFBC}") = "ITMO.WPFCsCourse2023.Lab1.Task1.Task3.Task4", "ITMO.WinCsCourse2023\ITMO.WPFCsCourse2023\ITMO.WPFCsCourse2023.Lab1\ITMO.WPFCsCourse2023.Lab1.Task1.Task3.Task4\ITMO.WPFCsCourse2023.Lab1.Task1.Task3.Task4.csproj", "{DC058A13-2366-420C-A5BF-9F95AFFAF6C1}"
EndProject
Project("{FAE04EC0-301F-11D3-BF4B-00C04F79EFBC}") = "ITMO.WPFCsCourse2023.Lab1.Task2", "ITMO.WinCsCourse2023\ITMO.WPFCsCourse2023\ITMO.WPFCsCourse2023.Lab1\ITMO.WPFCsCourse2023.Lab1.Task2\ITMO.WPFCsCourse2023.Lab1.Task2.csproj", "{9F008AE7-5CA1-4D87-A718-E91158D649AA}"
EndProject
Project("{2150E333-8FDC-42A3-9474-1A3956D46DE8}") = "ITMO.WPFCsCourse2023.Lab2", "ITMO.WPFCsCourse2023.Lab2", "{D034AB36-D41E-4A39-AF45-3FBF85CB0C07}"
	ProjectSection(SolutionItems) = preProject
		ITMO.WinCsCourse2023\ITMO.WPFCsCourse2023\ITMO.WPFCsCourse2023.Lab2\ITMO.WPFCsCourse2023.Lab2.sln = ITMO.WinCsCourse2023\ITMO.WPFCsCourse2023\ITMO.WPFCsCourse2023.Lab2\ITMO.WPFCsCourse2023.Lab2.sln
	EndProjectSection
EndProject
Project("{FAE04EC0-301F-11D3-BF4B-00C04F79EFBC}") = "ITMO.WPFCsCourse2023.Lab2.Task1", "ITMO.WinCsCourse2023\ITMO.WPFCsCourse2023\ITMO.WPFCsCourse2023.Lab2\ITMO.WPFCsCourse2023.Lab2.Task1\ITMO.WPFCsCourse2023.Lab2.Task1.csproj", "{49E7B72F-83CA-4053-A4A7-0EE24529B324}"
EndProject
Project("{FAE04EC0-301F-11D3-BF4B-00C04F79EFBC}") = "ITMO.WPFCsCourse2023.Lab2.Task2", "ITMO.WinCsCourse2023\ITMO.WPFCsCourse2023\ITMO.WPFCsCourse2023.Lab2\ITMO.WPFCsCourse2023.Lab2.Task2\ITMO.WPFCsCourse2023.Lab2.Task2.csproj", "{B8FFB61F-3245-412B-8BE5-BBE6F8F4AE2F}"
EndProject
Project("{2150E333-8FDC-42A3-9474-1A3956D46DE8}") = "ITMO.WPFCsCourse2023.Lab4", "ITMO.WPFCsCourse2023.Lab4", "{A6800907-7A2E-4A30-A74B-D98430473C50}"
	ProjectSection(SolutionItems) = preProject
		ITMO.WinCsCourse2023\ITMO.WPFCsCourse2023\ITMO.WPFCsCourse2023.Lab4\ITMO.WPFCsCourse2023.Lab4.sln = ITMO.WinCsCourse2023\ITMO.WPFCsCourse2023\ITMO.WPFCsCourse2023.Lab4\ITMO.WPFCsCourse2023.Lab4.sln
	EndProjectSection
EndProject
Project("{FAE04EC0-301F-11D3-BF4B-00C04F79EFBC}") = "ITMO.WPFCsCourse2023.Lab4.Task1", "ITMO.WinCsCourse2023\ITMO.WPFCsCourse2023\ITMO.WPFCsCourse2023.Lab4\ITMO.WPFCsCourse2023.Lab4.Task1\ITMO.WPFCsCourse2023.Lab4.Task1.csproj", "{80871310-DA9B-4D31-AB86-68C09CAC9DC0}"
EndProject
Project("{FAE04EC0-301F-11D3-BF4B-00C04F79EFBC}") = "ITMO.WPFCsCourse2023.Lab4.Task2", "ITMO.WinCsCourse2023\ITMO.WPFCsCourse2023\ITMO.WPFCsCourse2023.Lab4\ITMO.WPFCsCourse2023.Lab4.Task2\ITMO.WPFCsCourse2023.Lab4.Task2.csproj", "{5213C9B5-8084-4DF3-A0E5-2E577F7D130E}"
EndProject
Project("{FAE04EC0-301F-11D3-BF4B-00C04F79EFBC}") = "ITMO.WPFCsCourse2023.Lab4.Task3", "ITMO.WinCsCourse2023\ITMO.WPFCsCourse2023\ITMO.WPFCsCourse2023.Lab4\ITMO.WPFCsCourse2023.Lab4.Task3\ITMO.WPFCsCourse2023.Lab4.Task3.csproj", "{09F45704-14D6-441B-ABDA-29321D18D01F}"
EndProject
Project("{2150E333-8FDC-42A3-9474-1A3956D46DE8}") = "ITMO.WPFCsCourse2023.Lab9", "ITMO.WPFCsCourse2023.Lab9", "{AF5AFDDE-F706-4BB4-AC2B-FBEC4C1E31CC}"
	ProjectSection(SolutionItems) = preProject
		ITMO.WinCsCourse2023\ITMO.WPFCsCourse2023\ITMO.WPFCsCourse2023.Lab9\ITMO.WPFCsCourse2023.Lab9.sln = ITMO.WinCsCourse2023\ITMO.WPFCsCourse2023\ITMO.WPFCsCourse2023.Lab9\ITMO.WPFCsCourse2023.Lab9.sln
	EndProjectSection
EndProject
Project("{FAE04EC0-301F-11D3-BF4B-00C04F79EFBC}") = "ITMO.WPFCsCourse2023.Lab9.Task1", "ITMO.WinCsCourse2023\ITMO.WPFCsCourse2023\ITMO.WPFCsCourse2023.Lab9\ITMO.WPFCsCourse2023.Lab9.Task1\ITMO.WPFCsCourse2023.Lab9.Task1.csproj", "{5D16AC4E-E27A-4607-BF32-59D50D0227A4}"
EndProject
Project("{2150E333-8FDC-42A3-9474-1A3956D46DE8}") = "Calculator_starter", "Calculator_starter", "{A6C0D23B-4ADE-4F46-B58E-21CB730D5529}"
	ProjectSection(SolutionItems) = preProject
		ITMO.WinCsCourse2023\Calculator_starter\Calculator.sln = ITMO.WinCsCourse2023\Calculator_starter\Calculator.sln
	EndProjectSection
EndProject
Project("{FAE04EC0-301F-11D3-BF4B-00C04F79EFBC}") = "Calculator", "ITMO.WinCsCourse2023\Calculator_starter\Calculator.csproj", "{A27CBA1C-371A-4708-BB01-9848A8B50505}"
EndProject
Project("{2150E333-8FDC-42A3-9474-1A3956D46DE8}") = "ITMO.HTML&XMLCourses2023", "ITMO.HTML&XMLCourses2023", "{0177E5C0-90C3-487F-A02F-1A45338A232C}"
EndProject
Project("{2150E333-8FDC-42A3-9474-1A3956D46DE8}") = "HTML Labs", "HTML Labs", "{1071DFAC-9089-4161-A2EB-516F286EA49C}"
EndProject
Project("{2150E333-8FDC-42A3-9474-1A3956D46DE8}") = "Part1", "Part1", "{19E35C82-990A-41A3-8F2B-54F7FD2B114F}"
EndProject
Project("{2150E333-8FDC-42A3-9474-1A3956D46DE8}") = "Lab1", "Lab1", "{3E44D95B-9197-48E6-A56A-7E6D2E66C66D}"
	ProjectSection(SolutionItems) = preProject
		ITMO.HTML&XMLCourses2023\HTML Labs\Part1\Lab1\Animal.jpg = ITMO.HTML&XMLCourses2023\HTML Labs\Part1\Lab1\Animal.jpg
		ITMO.HTML&XMLCourses2023\HTML Labs\Part1\Lab1\ex1.html = ITMO.HTML&XMLCourses2023\HTML Labs\Part1\Lab1\ex1.html
		ITMO.HTML&XMLCourses2023\HTML Labs\Part1\Lab1\ex2.html = ITMO.HTML&XMLCourses2023\HTML Labs\Part1\Lab1\ex2.html
		ITMO.HTML&XMLCourses2023\HTML Labs\Part1\Lab1\ex3.html = ITMO.HTML&XMLCourses2023\HTML Labs\Part1\Lab1\ex3.html
	EndProjectSection
EndProject
Project("{2150E333-8FDC-42A3-9474-1A3956D46DE8}") = "Lab2", "Lab2", "{5ADA2CF5-2237-4119-AACB-29BD2988B9A8}"
	ProjectSection(SolutionItems) = preProject
		ITMO.HTML&XMLCourses2023\HTML Labs\Part1\Lab2\Ex1_index.html = ITMO.HTML&XMLCourses2023\HTML Labs\Part1\Lab2\Ex1_index.html
		ITMO.HTML&XMLCourses2023\HTML Labs\Part1\Lab2\Ex2_index.html = ITMO.HTML&XMLCourses2023\HTML Labs\Part1\Lab2\Ex2_index.html
		ITMO.HTML&XMLCourses2023\HTML Labs\Part1\Lab2\Ex3_index.html = ITMO.HTML&XMLCourses2023\HTML Labs\Part1\Lab2\Ex3_index.html
		ITMO.HTML&XMLCourses2023\HTML Labs\Part1\Lab2\Ex4_code.html = ITMO.HTML&XMLCourses2023\HTML Labs\Part1\Lab2\Ex4_code.html
		ITMO.HTML&XMLCourses2023\HTML Labs\Part1\Lab2\Ex5_classification.html = ITMO.HTML&XMLCourses2023\HTML Labs\Part1\Lab2\Ex5_classification.html
		ITMO.HTML&XMLCourses2023\HTML Labs\Part1\Lab2\Ex6_classification.html = ITMO.HTML&XMLCourses2023\HTML Labs\Part1\Lab2\Ex6_classification.html
		ITMO.HTML&XMLCourses2023\HTML Labs\Part1\Lab2\Ex7_classification.html = ITMO.HTML&XMLCourses2023\HTML Labs\Part1\Lab2\Ex7_classification.html
		ITMO.HTML&XMLCourses2023\HTML Labs\Part1\Lab2\Ex8_findings.html = ITMO.HTML&XMLCourses2023\HTML Labs\Part1\Lab2\Ex8_findings.html
	EndProjectSection
EndProject
Project("{2150E333-8FDC-42A3-9474-1A3956D46DE8}") = "Lab3", "Lab3", "{0471CEC8-9386-4FBD-B687-5A2E048DD3DB}"
	ProjectSection(SolutionItems) = preProject
		ITMO.HTML&XMLCourses2023\HTML Labs\Part1\Lab3\Ex1_classification.html = ITMO.HTML&XMLCourses2023\HTML Labs\Part1\Lab3\Ex1_classification.html
		ITMO.HTML&XMLCourses2023\HTML Labs\Part1\Lab3\Ex1_index.html = ITMO.HTML&XMLCourses2023\HTML Labs\Part1\Lab3\Ex1_index.html
		ITMO.HTML&XMLCourses2023\HTML Labs\Part1\Lab3\Ex2.html = ITMO.HTML&XMLCourses2023\HTML Labs\Part1\Lab3\Ex2.html
		ITMO.HTML&XMLCourses2023\HTML Labs\Part1\Lab3\Ex3.html = ITMO.HTML&XMLCourses2023\HTML Labs\Part1\Lab3\Ex3.html
		ITMO.HTML&XMLCourses2023\HTML Labs\Part1\Lab3\Ex4_about_buttons.html = ITMO.HTML&XMLCourses2023\HTML Labs\Part1\Lab3\Ex4_about_buttons.html
	EndProjectSection
EndProject
Project("{2150E333-8FDC-42A3-9474-1A3956D46DE8}") = "Lab4", "Lab4", "{543989FA-2711-4157-8512-CE99F863323A}"
	ProjectSection(SolutionItems) = preProject
		ITMO.HTML&XMLCourses2023\HTML Labs\Part1\Lab4\Ex1.html = ITMO.HTML&XMLCourses2023\HTML Labs\Part1\Lab4\Ex1.html
		ITMO.HTML&XMLCourses2023\HTML Labs\Part1\Lab4\Ex2.html = ITMO.HTML&XMLCourses2023\HTML Labs\Part1\Lab4\Ex2.html
		ITMO.HTML&XMLCourses2023\HTML Labs\Part1\Lab4\Ex3.html = ITMO.HTML&XMLCourses2023\HTML Labs\Part1\Lab4\Ex3.html
		ITMO.HTML&XMLCourses2023\HTML Labs\Part1\Lab4\Ex4.html = ITMO.HTML&XMLCourses2023\HTML Labs\Part1\Lab4\Ex4.html
		ITMO.HTML&XMLCourses2023\HTML Labs\Part1\Lab4\Ex5_table.html = ITMO.HTML&XMLCourses2023\HTML Labs\Part1\Lab4\Ex5_table.html
	EndProjectSection
EndProject
Project("{2150E333-8FDC-42A3-9474-1A3956D46DE8}") = "Lab5", "Lab5", "{1B543B53-A0BC-4614-A957-AE75C7D79834}"
	ProjectSection(SolutionItems) = preProject
		ITMO.HTML&XMLCourses2023\HTML Labs\Part1\Lab5\button_1.jpg = ITMO.HTML&XMLCourses2023\HTML Labs\Part1\Lab5\button_1.jpg
		ITMO.HTML&XMLCourses2023\HTML Labs\Part1\Lab5\button_4.jpg = ITMO.HTML&XMLCourses2023\HTML Labs\Part1\Lab5\button_4.jpg
		ITMO.HTML&XMLCourses2023\HTML Labs\Part1\Lab5\Ex1-3_index.html = ITMO.HTML&XMLCourses2023\HTML Labs\Part1\Lab5\Ex1-3_index.html
		ITMO.HTML&XMLCourses2023\HTML Labs\Part1\Lab5\Ex3_classification.html = ITMO.HTML&XMLCourses2023\HTML Labs\Part1\Lab5\Ex3_classification.html
		ITMO.HTML&XMLCourses2023\HTML Labs\Part1\Lab5\Ex4_map.html = ITMO.HTML&XMLCourses2023\HTML Labs\Part1\Lab5\Ex4_map.html
		ITMO.HTML&XMLCourses2023\HTML Labs\Part1\Lab5\Ex5.html = ITMO.HTML&XMLCourses2023\HTML Labs\Part1\Lab5\Ex5.html
		ITMO.HTML&XMLCourses2023\HTML Labs\Part1\Lab5\video.mp4 = ITMO.HTML&XMLCourses2023\HTML Labs\Part1\Lab5\video.mp4
	EndProjectSection
EndProject
Project("{2150E333-8FDC-42A3-9474-1A3956D46DE8}") = "Lab6", "Lab6", "{1CCFB759-46F9-48CA-8664-57EE7B1A4926}"
	ProjectSection(SolutionItems) = preProject
		ITMO.HTML&XMLCourses2023\HTML Labs\Part1\Lab6\enot.jpg = ITMO.HTML&XMLCourses2023\HTML Labs\Part1\Lab6\enot.jpg
		ITMO.HTML&XMLCourses2023\HTML Labs\Part1\Lab6\Ex1.html = ITMO.HTML&XMLCourses2023\HTML Labs\Part1\Lab6\Ex1.html
		ITMO.HTML&XMLCourses2023\HTML Labs\Part1\Lab6\Ex2.html = ITMO.HTML&XMLCourses2023\HTML Labs\Part1\Lab6\Ex2.html
		ITMO.HTML&XMLCourses2023\HTML Labs\Part1\Lab6\Ex3.html = ITMO.HTML&XMLCourses2023\HTML Labs\Part1\Lab6\Ex3.html
		ITMO.HTML&XMLCourses2023\HTML Labs\Part1\Lab6\Ex4.html = ITMO.HTML&XMLCourses2023\HTML Labs\Part1\Lab6\Ex4.html
		ITMO.HTML&XMLCourses2023\HTML Labs\Part1\Lab6\Ex5.html = ITMO.HTML&XMLCourses2023\HTML Labs\Part1\Lab6\Ex5.html
		ITMO.HTML&XMLCourses2023\HTML Labs\Part1\Lab6\Ex6.html = ITMO.HTML&XMLCourses2023\HTML Labs\Part1\Lab6\Ex6.html
	EndProjectSection
EndProject
Project("{2150E333-8FDC-42A3-9474-1A3956D46DE8}") = "Lab7", "Lab7", "{55458370-E923-4938-8CA9-EABD799BFF1C}"
	ProjectSection(SolutionItems) = preProject
		ITMO.HTML&XMLCourses2023\HTML Labs\Part1\Lab7\block_1.css = ITMO.HTML&XMLCourses2023\HTML Labs\Part1\Lab7\block_1.css
		ITMO.HTML&XMLCourses2023\HTML Labs\Part1\Lab7\block_1.html = ITMO.HTML&XMLCourses2023\HTML Labs\Part1\Lab7\block_1.html
		ITMO.HTML&XMLCourses2023\HTML Labs\Part1\Lab7\block_2.css = ITMO.HTML&XMLCourses2023\HTML Labs\Part1\Lab7\block_2.css
		ITMO.HTML&XMLCourses2023\HTML Labs\Part1\Lab7\block_2.html = ITMO.HTML&XMLCourses2023\HTML Labs\Part1\Lab7\block_2.html
	EndProjectSection
EndProject
Project("{2150E333-8FDC-42A3-9474-1A3956D46DE8}") = "Part2", "Part2", "{5B775231-1F47-4FB0-9D45-1BAC9B3D5812}"
EndProject
Project("{2150E333-8FDC-42A3-9474-1A3956D46DE8}") = "Lab1", "Lab1", "{0A88655E-3092-494F-AA2C-ECC6FF19AA10}"
	ProjectSection(SolutionItems) = preProject
		ITMO.HTML&XMLCourses2023\HTML Labs\Part2\Lab1\button_1.jpg = ITMO.HTML&XMLCourses2023\HTML Labs\Part2\Lab1\button_1.jpg
		ITMO.HTML&XMLCourses2023\HTML Labs\Part2\Lab1\button_3.png = ITMO.HTML&XMLCourses2023\HTML Labs\Part2\Lab1\button_3.png
		ITMO.HTML&XMLCourses2023\HTML Labs\Part2\Lab1\Ex1_classification.html = ITMO.HTML&XMLCourses2023\HTML Labs\Part2\Lab1\Ex1_classification.html
		ITMO.HTML&XMLCourses2023\HTML Labs\Part2\Lab1\Ex1_index.html = ITMO.HTML&XMLCourses2023\HTML Labs\Part2\Lab1\Ex1_index.html
		ITMO.HTML&XMLCourses2023\HTML Labs\Part2\Lab1\Ex2_classification.html = ITMO.HTML&XMLCourses2023\HTML Labs\Part2\Lab1\Ex2_classification.html
		ITMO.HTML&XMLCourses2023\HTML Labs\Part2\Lab1\Ex2_index.html = ITMO.HTML&XMLCourses2023\HTML Labs\Part2\Lab1\Ex2_index.html
		ITMO.HTML&XMLCourses2023\HTML Labs\Part2\Lab1\Ex3_classification.html = ITMO.HTML&XMLCourses2023\HTML Labs\Part2\Lab1\Ex3_classification.html
		ITMO.HTML&XMLCourses2023\HTML Labs\Part2\Lab1\Ex3_index.html = ITMO.HTML&XMLCourses2023\HTML Labs\Part2\Lab1\Ex3_index.html
		ITMO.HTML&XMLCourses2023\HTML Labs\Part2\Lab1\style.css = ITMO.HTML&XMLCourses2023\HTML Labs\Part2\Lab1\style.css
	EndProjectSection
EndProject
Project("{2150E333-8FDC-42A3-9474-1A3956D46DE8}") = "Lab2", "Lab2", "{4392DB06-1B6F-433D-88C9-FE1EDD84AF7C}"
	ProjectSection(SolutionItems) = preProject
		ITMO.HTML&XMLCourses2023\HTML Labs\Part2\Lab2\Ex1-4_about_buttons.html = ITMO.HTML&XMLCourses2023\HTML Labs\Part2\Lab2\Ex1-4_about_buttons.html
	EndProjectSection
EndProject
Project("{2150E333-8FDC-42A3-9474-1A3956D46DE8}") = "Lab3", "Lab3", "{B5EADC13-98DA-4F87-8225-3292C225CE45}"
	ProjectSection(SolutionItems) = preProject
		ITMO.HTML&XMLCourses2023\HTML Labs\Part2\Lab3\Ex1_textFormat_1.html = ITMO.HTML&XMLCourses2023\HTML Labs\Part2\Lab3\Ex1_textFormat_1.html
		ITMO.HTML&XMLCourses2023\HTML Labs\Part2\Lab3\Ex2_textFormat_2.html = ITMO.HTML&XMLCourses2023\HTML Labs\Part2\Lab3\Ex2_textFormat_2.html
		ITMO.HTML&XMLCourses2023\HTML Labs\Part2\Lab3\Ex3_gallery.html = ITMO.HTML&XMLCourses2023\HTML Labs\Part2\Lab3\Ex3_gallery.html
		ITMO.HTML&XMLCourses2023\HTML Labs\Part2\Lab3\img_1.jpg = ITMO.HTML&XMLCourses2023\HTML Labs\Part2\Lab3\img_1.jpg
		ITMO.HTML&XMLCourses2023\HTML Labs\Part2\Lab3\img_2.jpg = ITMO.HTML&XMLCourses2023\HTML Labs\Part2\Lab3\img_2.jpg
		ITMO.HTML&XMLCourses2023\HTML Labs\Part2\Lab3\img_3.jpg = ITMO.HTML&XMLCourses2023\HTML Labs\Part2\Lab3\img_3.jpg
		ITMO.HTML&XMLCourses2023\HTML Labs\Part2\Lab3\img_4.jpg = ITMO.HTML&XMLCourses2023\HTML Labs\Part2\Lab3\img_4.jpg
		ITMO.HTML&XMLCourses2023\HTML Labs\Part2\Lab3\img_5.jpg = ITMO.HTML&XMLCourses2023\HTML Labs\Part2\Lab3\img_5.jpg
		ITMO.HTML&XMLCourses2023\HTML Labs\Part2\Lab3\img_6.gif = ITMO.HTML&XMLCourses2023\HTML Labs\Part2\Lab3\img_6.gif
		ITMO.HTML&XMLCourses2023\HTML Labs\Part2\Lab3\reset  for gallery.css = ITMO.HTML&XMLCourses2023\HTML Labs\Part2\Lab3\reset  for gallery.css
		ITMO.HTML&XMLCourses2023\HTML Labs\Part2\Lab3\reset.css = ITMO.HTML&XMLCourses2023\HTML Labs\Part2\Lab3\reset.css
		ITMO.HTML&XMLCourses2023\HTML Labs\Part2\Lab3\switok.png = ITMO.HTML&XMLCourses2023\HTML Labs\Part2\Lab3\switok.png
	EndProjectSection
EndProject
Project("{2150E333-8FDC-42A3-9474-1A3956D46DE8}") = "Lab4", "Lab4", "{6945675D-7003-4894-A889-AAAD8C0E5D0C}"
	ProjectSection(SolutionItems) = preProject
		ITMO.HTML&XMLCourses2023\HTML Labs\Part2\Lab4\form.html = ITMO.HTML&XMLCourses2023\HTML Labs\Part2\Lab4\form.html
		ITMO.HTML&XMLCourses2023\HTML Labs\Part2\Lab4\global.css = ITMO.HTML&XMLCourses2023\HTML Labs\Part2\Lab4\global.css
		ITMO.HTML&XMLCourses2023\HTML Labs\Part2\Lab4\table.html = ITMO.HTML&XMLCourses2023\HTML Labs\Part2\Lab4\table.html
	EndProjectSection
EndProject
Project("{2150E333-8FDC-42A3-9474-1A3956D46DE8}") = "css", "css", "{CE6D1AEA-8CD8-467C-AF61-642F708A5F1D}"
	ProjectSection(SolutionItems) = preProject
		ITMO.HTML&XMLCourses2023\HTML Labs\Part2\Lab4\css\main.css = ITMO.HTML&XMLCourses2023\HTML Labs\Part2\Lab4\css\main.css
	EndProjectSection
EndProject
Project("{2150E333-8FDC-42A3-9474-1A3956D46DE8}") = "images", "images", "{32F3AE81-C99B-48AF-96C5-39FA6F77CF90}"
	ProjectSection(SolutionItems) = preProject
		ITMO.HTML&XMLCourses2023\HTML Labs\Part2\Lab4\images\star.png = ITMO.HTML&XMLCourses2023\HTML Labs\Part2\Lab4\images\star.png
		ITMO.HTML&XMLCourses2023\HTML Labs\Part2\Lab4\images\underline.png = ITMO.HTML&XMLCourses2023\HTML Labs\Part2\Lab4\images\underline.png
	EndProjectSection
EndProject
Project("{2150E333-8FDC-42A3-9474-1A3956D46DE8}") = "XML Labs", "XML Labs", "{E497B11A-8957-4020-9154-DE52258368EE}"
EndProject
Project("{2150E333-8FDC-42A3-9474-1A3956D46DE8}") = "Lab1", "Lab1", "{C98076AF-49CD-406D-A1D9-7089815C3EFE}"
	ProjectSection(SolutionItems) = preProject
		ITMO.HTML&XMLCourses2023\XML Labs\Lab1\Ex1_resume.xml = ITMO.HTML&XMLCourses2023\XML Labs\Lab1\Ex1_resume.xml
		ITMO.HTML&XMLCourses2023\XML Labs\Lab1\Ex2_lesson.xml = ITMO.HTML&XMLCourses2023\XML Labs\Lab1\Ex2_lesson.xml
		ITMO.HTML&XMLCourses2023\XML Labs\Lab1\Ex3_lesson-ns.xml = ITMO.HTML&XMLCourses2023\XML Labs\Lab1\Ex3_lesson-ns.xml
	EndProjectSection
EndProject
Project("{2150E333-8FDC-42A3-9474-1A3956D46DE8}") = "Lab2", "Lab2", "{7E28F011-99D9-4612-8FD2-4E4C9868638C}"
	ProjectSection(SolutionItems) = preProject
		ITMO.HTML&XMLCourses2023\XML Labs\Lab2\Ex1_lesson.xml = ITMO.HTML&XMLCourses2023\XML Labs\Lab2\Ex1_lesson.xml
		ITMO.HTML&XMLCourses2023\XML Labs\Lab2\Ex1_lesson_DTD.dtd = ITMO.HTML&XMLCourses2023\XML Labs\Lab2\Ex1_lesson_DTD.dtd
		ITMO.HTML&XMLCourses2023\XML Labs\Lab2\Ex2_library.xml = ITMO.HTML&XMLCourses2023\XML Labs\Lab2\Ex2_library.xml
		ITMO.HTML&XMLCourses2023\XML Labs\Lab2\Ex2_library_DTD.dtd = ITMO.HTML&XMLCourses2023\XML Labs\Lab2\Ex2_library_DTD.dtd
	EndProjectSection
EndProject
Global
	GlobalSection(SolutionConfigurationPlatforms) = preSolution
		Debug|Any CPU = Debug|Any CPU
		Release|Any CPU = Release|Any CPU
	EndGlobalSection
	GlobalSection(ProjectConfigurationPlatforms) = postSolution
		{AD24A5F3-4E54-48A5-A974-237500F56375}.Debug|Any CPU.ActiveCfg = Debug|Any CPU
		{AD24A5F3-4E54-48A5-A974-237500F56375}.Debug|Any CPU.Build.0 = Debug|Any CPU
		{AD24A5F3-4E54-48A5-A974-237500F56375}.Release|Any CPU.ActiveCfg = Release|Any CPU
		{AD24A5F3-4E54-48A5-A974-237500F56375}.Release|Any CPU.Build.0 = Release|Any CPU
		{5326EB6E-9593-450B-A9B8-5FFA822A966A}.Debug|Any CPU.ActiveCfg = Debug|Any CPU
		{5326EB6E-9593-450B-A9B8-5FFA822A966A}.Debug|Any CPU.Build.0 = Debug|Any CPU
		{5326EB6E-9593-450B-A9B8-5FFA822A966A}.Release|Any CPU.ActiveCfg = Release|Any CPU
		{5326EB6E-9593-450B-A9B8-5FFA822A966A}.Release|Any CPU.Build.0 = Release|Any CPU
		{2E0DCDC6-55D6-4F64-A09C-148936211D34}.Debug|Any CPU.ActiveCfg = Debug|Any CPU
		{2E0DCDC6-55D6-4F64-A09C-148936211D34}.Debug|Any CPU.Build.0 = Debug|Any CPU
		{2E0DCDC6-55D6-4F64-A09C-148936211D34}.Release|Any CPU.ActiveCfg = Release|Any CPU
		{2E0DCDC6-55D6-4F64-A09C-148936211D34}.Release|Any CPU.Build.0 = Release|Any CPU
		{E02F8051-F71A-49DE-874B-7CB1ACA1B721}.Debug|Any CPU.ActiveCfg = Debug|Any CPU
		{E02F8051-F71A-49DE-874B-7CB1ACA1B721}.Debug|Any CPU.Build.0 = Debug|Any CPU
		{E02F8051-F71A-49DE-874B-7CB1ACA1B721}.Release|Any CPU.ActiveCfg = Release|Any CPU
		{E02F8051-F71A-49DE-874B-7CB1ACA1B721}.Release|Any CPU.Build.0 = Release|Any CPU
		{7DDA80CC-1860-4313-9BF8-8E6AB030FD14}.Debug|Any CPU.ActiveCfg = Debug|Any CPU
		{7DDA80CC-1860-4313-9BF8-8E6AB030FD14}.Debug|Any CPU.Build.0 = Debug|Any CPU
		{7DDA80CC-1860-4313-9BF8-8E6AB030FD14}.Release|Any CPU.ActiveCfg = Release|Any CPU
		{7DDA80CC-1860-4313-9BF8-8E6AB030FD14}.Release|Any CPU.Build.0 = Release|Any CPU
		{CF3F707B-1650-4172-9925-2BB28304D323}.Debug|Any CPU.ActiveCfg = Debug|Any CPU
		{CF3F707B-1650-4172-9925-2BB28304D323}.Debug|Any CPU.Build.0 = Debug|Any CPU
		{CF3F707B-1650-4172-9925-2BB28304D323}.Release|Any CPU.ActiveCfg = Release|Any CPU
		{CF3F707B-1650-4172-9925-2BB28304D323}.Release|Any CPU.Build.0 = Release|Any CPU
		{918AEEE5-E138-405A-AAE5-06725A2140AB}.Debug|Any CPU.ActiveCfg = Debug|Any CPU
		{918AEEE5-E138-405A-AAE5-06725A2140AB}.Debug|Any CPU.Build.0 = Debug|Any CPU
		{918AEEE5-E138-405A-AAE5-06725A2140AB}.Release|Any CPU.ActiveCfg = Release|Any CPU
		{918AEEE5-E138-405A-AAE5-06725A2140AB}.Release|Any CPU.Build.0 = Release|Any CPU
		{D47EC7E9-3967-45FF-9344-E6308D08CEA7}.Debug|Any CPU.ActiveCfg = Debug|Any CPU
		{D47EC7E9-3967-45FF-9344-E6308D08CEA7}.Debug|Any CPU.Build.0 = Debug|Any CPU
		{D47EC7E9-3967-45FF-9344-E6308D08CEA7}.Release|Any CPU.ActiveCfg = Release|Any CPU
		{D47EC7E9-3967-45FF-9344-E6308D08CEA7}.Release|Any CPU.Build.0 = Release|Any CPU
		{D4ECF0EA-2021-462E-8AEF-709FE8BE423F}.Debug|Any CPU.ActiveCfg = Debug|Any CPU
		{D4ECF0EA-2021-462E-8AEF-709FE8BE423F}.Debug|Any CPU.Build.0 = Debug|Any CPU
		{D4ECF0EA-2021-462E-8AEF-709FE8BE423F}.Release|Any CPU.ActiveCfg = Release|Any CPU
		{D4ECF0EA-2021-462E-8AEF-709FE8BE423F}.Release|Any CPU.Build.0 = Release|Any CPU
		{10642F38-38B6-4B3E-B4D4-0F6C39770512}.Debug|Any CPU.ActiveCfg = Debug|Any CPU
		{10642F38-38B6-4B3E-B4D4-0F6C39770512}.Debug|Any CPU.Build.0 = Debug|Any CPU
		{10642F38-38B6-4B3E-B4D4-0F6C39770512}.Release|Any CPU.ActiveCfg = Release|Any CPU
		{10642F38-38B6-4B3E-B4D4-0F6C39770512}.Release|Any CPU.Build.0 = Release|Any CPU
		{469F16DB-95FC-4339-9566-EA129911E38C}.Debug|Any CPU.ActiveCfg = Debug|Any CPU
		{469F16DB-95FC-4339-9566-EA129911E38C}.Debug|Any CPU.Build.0 = Debug|Any CPU
		{469F16DB-95FC-4339-9566-EA129911E38C}.Release|Any CPU.ActiveCfg = Release|Any CPU
		{469F16DB-95FC-4339-9566-EA129911E38C}.Release|Any CPU.Build.0 = Release|Any CPU
		{D0405A0F-EE49-471C-959B-FB3E6A365078}.Debug|Any CPU.ActiveCfg = Debug|Any CPU
		{D0405A0F-EE49-471C-959B-FB3E6A365078}.Debug|Any CPU.Build.0 = Debug|Any CPU
		{D0405A0F-EE49-471C-959B-FB3E6A365078}.Release|Any CPU.ActiveCfg = Release|Any CPU
		{D0405A0F-EE49-471C-959B-FB3E6A365078}.Release|Any CPU.Build.0 = Release|Any CPU
		{13BAE6DA-0CD7-4E36-8CC2-F876AA6D47EB}.Debug|Any CPU.ActiveCfg = Debug|Any CPU
		{13BAE6DA-0CD7-4E36-8CC2-F876AA6D47EB}.Debug|Any CPU.Build.0 = Debug|Any CPU
		{13BAE6DA-0CD7-4E36-8CC2-F876AA6D47EB}.Release|Any CPU.ActiveCfg = Release|Any CPU
		{13BAE6DA-0CD7-4E36-8CC2-F876AA6D47EB}.Release|Any CPU.Build.0 = Release|Any CPU
		{6C77110F-78F0-4735-899E-86620D462B9F}.Debug|Any CPU.ActiveCfg = Debug|Any CPU
		{6C77110F-78F0-4735-899E-86620D462B9F}.Debug|Any CPU.Build.0 = Debug|Any CPU
		{6C77110F-78F0-4735-899E-86620D462B9F}.Release|Any CPU.ActiveCfg = Release|Any CPU
		{6C77110F-78F0-4735-899E-86620D462B9F}.Release|Any CPU.Build.0 = Release|Any CPU
		{E00E1329-D909-47E6-90C8-1AD7A0A06176}.Debug|Any CPU.ActiveCfg = Debug|Any CPU
		{E00E1329-D909-47E6-90C8-1AD7A0A06176}.Debug|Any CPU.Build.0 = Debug|Any CPU
		{E00E1329-D909-47E6-90C8-1AD7A0A06176}.Release|Any CPU.ActiveCfg = Release|Any CPU
		{E00E1329-D909-47E6-90C8-1AD7A0A06176}.Release|Any CPU.Build.0 = Release|Any CPU
		{DC058A13-2366-420C-A5BF-9F95AFFAF6C1}.Debug|Any CPU.ActiveCfg = Debug|Any CPU
		{DC058A13-2366-420C-A5BF-9F95AFFAF6C1}.Debug|Any CPU.Build.0 = Debug|Any CPU
		{DC058A13-2366-420C-A5BF-9F95AFFAF6C1}.Release|Any CPU.ActiveCfg = Release|Any CPU
		{DC058A13-2366-420C-A5BF-9F95AFFAF6C1}.Release|Any CPU.Build.0 = Release|Any CPU
		{9F008AE7-5CA1-4D87-A718-E91158D649AA}.Debug|Any CPU.ActiveCfg = Debug|Any CPU
		{9F008AE7-5CA1-4D87-A718-E91158D649AA}.Debug|Any CPU.Build.0 = Debug|Any CPU
		{9F008AE7-5CA1-4D87-A718-E91158D649AA}.Release|Any CPU.ActiveCfg = Release|Any CPU
		{9F008AE7-5CA1-4D87-A718-E91158D649AA}.Release|Any CPU.Build.0 = Release|Any CPU
		{49E7B72F-83CA-4053-A4A7-0EE24529B324}.Debug|Any CPU.ActiveCfg = Debug|Any CPU
		{49E7B72F-83CA-4053-A4A7-0EE24529B324}.Debug|Any CPU.Build.0 = Debug|Any CPU
		{49E7B72F-83CA-4053-A4A7-0EE24529B324}.Release|Any CPU.ActiveCfg = Release|Any CPU
		{49E7B72F-83CA-4053-A4A7-0EE24529B324}.Release|Any CPU.Build.0 = Release|Any CPU
		{B8FFB61F-3245-412B-8BE5-BBE6F8F4AE2F}.Debug|Any CPU.ActiveCfg = Debug|Any CPU
		{B8FFB61F-3245-412B-8BE5-BBE6F8F4AE2F}.Debug|Any CPU.Build.0 = Debug|Any CPU
		{B8FFB61F-3245-412B-8BE5-BBE6F8F4AE2F}.Release|Any CPU.ActiveCfg = Release|Any CPU
		{B8FFB61F-3245-412B-8BE5-BBE6F8F4AE2F}.Release|Any CPU.Build.0 = Release|Any CPU
		{80871310-DA9B-4D31-AB86-68C09CAC9DC0}.Debug|Any CPU.ActiveCfg = Debug|Any CPU
		{80871310-DA9B-4D31-AB86-68C09CAC9DC0}.Debug|Any CPU.Build.0 = Debug|Any CPU
		{80871310-DA9B-4D31-AB86-68C09CAC9DC0}.Release|Any CPU.ActiveCfg = Release|Any CPU
		{80871310-DA9B-4D31-AB86-68C09CAC9DC0}.Release|Any CPU.Build.0 = Release|Any CPU
		{5213C9B5-8084-4DF3-A0E5-2E577F7D130E}.Debug|Any CPU.ActiveCfg = Debug|Any CPU
		{5213C9B5-8084-4DF3-A0E5-2E577F7D130E}.Debug|Any CPU.Build.0 = Debug|Any CPU
		{5213C9B5-8084-4DF3-A0E5-2E577F7D130E}.Release|Any CPU.ActiveCfg = Release|Any CPU
		{5213C9B5-8084-4DF3-A0E5-2E577F7D130E}.Release|Any CPU.Build.0 = Release|Any CPU
		{09F45704-14D6-441B-ABDA-29321D18D01F}.Debug|Any CPU.ActiveCfg = Debug|Any CPU
		{09F45704-14D6-441B-ABDA-29321D18D01F}.Debug|Any CPU.Build.0 = Debug|Any CPU
		{09F45704-14D6-441B-ABDA-29321D18D01F}.Release|Any CPU.ActiveCfg = Release|Any CPU
		{09F45704-14D6-441B-ABDA-29321D18D01F}.Release|Any CPU.Build.0 = Release|Any CPU
		{5D16AC4E-E27A-4607-BF32-59D50D0227A4}.Debug|Any CPU.ActiveCfg = Debug|Any CPU
		{5D16AC4E-E27A-4607-BF32-59D50D0227A4}.Debug|Any CPU.Build.0 = Debug|Any CPU
		{5D16AC4E-E27A-4607-BF32-59D50D0227A4}.Release|Any CPU.ActiveCfg = Release|Any CPU
		{5D16AC4E-E27A-4607-BF32-59D50D0227A4}.Release|Any CPU.Build.0 = Release|Any CPU
		{A27CBA1C-371A-4708-BB01-9848A8B50505}.Debug|Any CPU.ActiveCfg = Debug|Any CPU
		{A27CBA1C-371A-4708-BB01-9848A8B50505}.Debug|Any CPU.Build.0 = Debug|Any CPU
		{A27CBA1C-371A-4708-BB01-9848A8B50505}.Release|Any CPU.ActiveCfg = Release|Any CPU
		{A27CBA1C-371A-4708-BB01-9848A8B50505}.Release|Any CPU.Build.0 = Release|Any CPU
	EndGlobalSection
	GlobalSection(SolutionProperties) = preSolution
		HideSolutionNode = FALSE
	EndGlobalSection
	GlobalSection(NestedProjects) = preSolution
		{F7F2B542-1D08-4F88-AC02-3FC31DCA2D6A} = {535C0665-95CC-4CEC-AFBE-AA04BE831079}
		{0DBC5B96-BC76-45FC-8AF1-51F131DCBD3F} = {535C0665-95CC-4CEC-AFBE-AA04BE831079}
		{CDFBBE01-83A2-49E3-9E2E-0CE6F3EE21AA} = {F7F2B542-1D08-4F88-AC02-3FC31DCA2D6A}
		{FB9FEC9A-7381-4662-A2FF-CD1F92F6AEB5} = {F7F2B542-1D08-4F88-AC02-3FC31DCA2D6A}
		{9441B844-64D6-45BB-9541-CE5948720B0D} = {0DBC5B96-BC76-45FC-8AF1-51F131DCBD3F}
		{AD24A5F3-4E54-48A5-A974-237500F56375} = {CDFBBE01-83A2-49E3-9E2E-0CE6F3EE21AA}
		{5326EB6E-9593-450B-A9B8-5FFA822A966A} = {CDFBBE01-83A2-49E3-9E2E-0CE6F3EE21AA}
		{2E0DCDC6-55D6-4F64-A09C-148936211D34} = {CDFBBE01-83A2-49E3-9E2E-0CE6F3EE21AA}
		{E02F8051-F71A-49DE-874B-7CB1ACA1B721} = {CDFBBE01-83A2-49E3-9E2E-0CE6F3EE21AA}
		{7DDA80CC-1860-4313-9BF8-8E6AB030FD14} = {CDFBBE01-83A2-49E3-9E2E-0CE6F3EE21AA}
		{CF3F707B-1650-4172-9925-2BB28304D323} = {CDFBBE01-83A2-49E3-9E2E-0CE6F3EE21AA}
		{918AEEE5-E138-405A-AAE5-06725A2140AB} = {FB9FEC9A-7381-4662-A2FF-CD1F92F6AEB5}
		{D47EC7E9-3967-45FF-9344-E6308D08CEA7} = {FB9FEC9A-7381-4662-A2FF-CD1F92F6AEB5}
		{D4ECF0EA-2021-462E-8AEF-709FE8BE423F} = {FB9FEC9A-7381-4662-A2FF-CD1F92F6AEB5}
		{10642F38-38B6-4B3E-B4D4-0F6C39770512} = {FB9FEC9A-7381-4662-A2FF-CD1F92F6AEB5}
		{469F16DB-95FC-4339-9566-EA129911E38C} = {FB9FEC9A-7381-4662-A2FF-CD1F92F6AEB5}
		{D0405A0F-EE49-471C-959B-FB3E6A365078} = {FB9FEC9A-7381-4662-A2FF-CD1F92F6AEB5}
		{13BAE6DA-0CD7-4E36-8CC2-F876AA6D47EB} = {FB9FEC9A-7381-4662-A2FF-CD1F92F6AEB5}
		{6C77110F-78F0-4735-899E-86620D462B9F} = {FB9FEC9A-7381-4662-A2FF-CD1F92F6AEB5}
		{E00E1329-D909-47E6-90C8-1AD7A0A06176} = {FB9FEC9A-7381-4662-A2FF-CD1F92F6AEB5}
		{DC058A13-2366-420C-A5BF-9F95AFFAF6C1} = {9441B844-64D6-45BB-9541-CE5948720B0D}
		{9F008AE7-5CA1-4D87-A718-E91158D649AA} = {9441B844-64D6-45BB-9541-CE5948720B0D}
		{D034AB36-D41E-4A39-AF45-3FBF85CB0C07} = {0DBC5B96-BC76-45FC-8AF1-51F131DCBD3F}
		{49E7B72F-83CA-4053-A4A7-0EE24529B324} = {D034AB36-D41E-4A39-AF45-3FBF85CB0C07}
		{B8FFB61F-3245-412B-8BE5-BBE6F8F4AE2F} = {D034AB36-D41E-4A39-AF45-3FBF85CB0C07}
		{A6800907-7A2E-4A30-A74B-D98430473C50} = {0DBC5B96-BC76-45FC-8AF1-51F131DCBD3F}
		{80871310-DA9B-4D31-AB86-68C09CAC9DC0} = {A6800907-7A2E-4A30-A74B-D98430473C50}
		{5213C9B5-8084-4DF3-A0E5-2E577F7D130E} = {A6800907-7A2E-4A30-A74B-D98430473C50}
		{09F45704-14D6-441B-ABDA-29321D18D01F} = {A6800907-7A2E-4A30-A74B-D98430473C50}
		{AF5AFDDE-F706-4BB4-AC2B-FBEC4C1E31CC} = {0DBC5B96-BC76-45FC-8AF1-51F131DCBD3F}
		{5D16AC4E-E27A-4607-BF32-59D50D0227A4} = {AF5AFDDE-F706-4BB4-AC2B-FBEC4C1E31CC}
		{A6C0D23B-4ADE-4F46-B58E-21CB730D5529} = {535C0665-95CC-4CEC-AFBE-AA04BE831079}
		{A27CBA1C-371A-4708-BB01-9848A8B50505} = {A6C0D23B-4ADE-4F46-B58E-21CB730D5529}
		{1071DFAC-9089-4161-A2EB-516F286EA49C} = {0177E5C0-90C3-487F-A02F-1A45338A232C}
		{19E35C82-990A-41A3-8F2B-54F7FD2B114F} = {1071DFAC-9089-4161-A2EB-516F286EA49C}
		{3E44D95B-9197-48E6-A56A-7E6D2E66C66D} = {19E35C82-990A-41A3-8F2B-54F7FD2B114F}
		{5ADA2CF5-2237-4119-AACB-29BD2988B9A8} = {19E35C82-990A-41A3-8F2B-54F7FD2B114F}
		{0471CEC8-9386-4FBD-B687-5A2E048DD3DB} = {19E35C82-990A-41A3-8F2B-54F7FD2B114F}
		{543989FA-2711-4157-8512-CE99F863323A} = {19E35C82-990A-41A3-8F2B-54F7FD2B114F}
		{1B543B53-A0BC-4614-A957-AE75C7D79834} = {19E35C82-990A-41A3-8F2B-54F7FD2B114F}
		{1CCFB759-46F9-48CA-8664-57EE7B1A4926} = {19E35C82-990A-41A3-8F2B-54F7FD2B114F}
		{55458370-E923-4938-8CA9-EABD799BFF1C} = {19E35C82-990A-41A3-8F2B-54F7FD2B114F}
		{5B775231-1F47-4FB0-9D45-1BAC9B3D5812} = {1071DFAC-9089-4161-A2EB-516F286EA49C}
		{0A88655E-3092-494F-AA2C-ECC6FF19AA10} = {5B775231-1F47-4FB0-9D45-1BAC9B3D5812}
		{4392DB06-1B6F-433D-88C9-FE1EDD84AF7C} = {5B775231-1F47-4FB0-9D45-1BAC9B3D5812}
		{B5EADC13-98DA-4F87-8225-3292C225CE45} = {5B775231-1F47-4FB0-9D45-1BAC9B3D5812}
		{6945675D-7003-4894-A889-AAAD8C0E5D0C} = {5B775231-1F47-4FB0-9D45-1BAC9B3D5812}
		{CE6D1AEA-8CD8-467C-AF61-642F708A5F1D} = {6945675D-7003-4894-A889-AAAD8C0E5D0C}
		{32F3AE81-C99B-48AF-96C5-39FA6F77CF90} = {6945675D-7003-4894-A889-AAAD8C0E5D0C}
		{E497B11A-8957-4020-9154-DE52258368EE} = {0177E5C0-90C3-487F-A02F-1A45338A232C}
		{C98076AF-49CD-406D-A1D9-7089815C3EFE} = {E497B11A-8957-4020-9154-DE52258368EE}
		{7E28F011-99D9-4612-8FD2-4E4C9868638C} = {E497B11A-8957-4020-9154-DE52258368EE}
	EndGlobalSection
	GlobalSection(ExtensibilityGlobals) = postSolution
		SolutionGuid = {96A37B0C-8C98-4853-BBDD-975EED09B2D7}
	EndGlobalSection
EndGlobal
