
Microsoft Visual Studio Solution File, Format Version 12.00
# Visual Studio Version 17
VisualStudioVersion = 17.9.34622.214
MinimumVisualStudioVersion = 10.0.40219.1
Project("{8BC9CEB8-8B4A-11D0-8D11-00A0C91BC942}") = "Lab10.Ex1", "Lab10.Ex1\Lab10.Ex1.vcxproj", "{5234C2F1-17EF-4C18-B05F-F7B47E47C587}"
EndProject
Project("{8BC9CEB8-8B4A-11D0-8D11-00A0C91BC942}") = "Lab10.Test1", "Lab10.Test1\Lab10.Test1.vcxproj", "{5D5D459B-4F82-4461-ACC2-A9750E6347B8}"
EndProject
Global
	GlobalSection(SolutionConfigurationPlatforms) = preSolution
		Debug|x64 = Debug|x64
		Debug|x86 = Debug|x86
		Release|x64 = Release|x64
		Release|x86 = Release|x86
	EndGlobalSection
	GlobalSection(ProjectConfigurationPlatforms) = postSolution
		{5234C2F1-17EF-4C18-B05F-F7B47E47C587}.Debug|x64.ActiveCfg = Debug|x64
		{5234C2F1-17EF-4C18-B05F-F7B47E47C587}.Debug|x64.Build.0 = Debug|x64
		{5234C2F1-17EF-4C18-B05F-F7B47E47C587}.Debug|x86.ActiveCfg = Debug|Win32
		{5234C2F1-17EF-4C18-B05F-F7B47E47C587}.Debug|x86.Build.0 = Debug|Win32
		{5234C2F1-17EF-4C18-B05F-F7B47E47C587}.Release|x64.ActiveCfg = Release|x64
		{5234C2F1-17EF-4C18-B05F-F7B47E47C587}.Release|x64.Build.0 = Release|x64
		{5234C2F1-17EF-4C18-B05F-F7B47E47C587}.Release|x86.ActiveCfg = Release|Win32
		{5234C2F1-17EF-4C18-B05F-F7B47E47C587}.Release|x86.Build.0 = Release|Win32
		{5D5D459B-4F82-4461-ACC2-A9750E6347B8}.Debug|x64.ActiveCfg = Debug|x64
		{5D5D459B-4F82-4461-ACC2-A9750E6347B8}.Debug|x64.Build.0 = Debug|x64
		{5D5D459B-4F82-4461-ACC2-A9750E6347B8}.Debug|x86.ActiveCfg = Debug|Win32
		{5D5D459B-4F82-4461-ACC2-A9750E6347B8}.Debug|x86.Build.0 = Debug|Win32
		{5D5D459B-4F82-4461-ACC2-A9750E6347B8}.Release|x64.ActiveCfg = Release|x64
		{5D5D459B-4F82-4461-ACC2-A9750E6347B8}.Release|x64.Build.0 = Release|x64
		{5D5D459B-4F82-4461-ACC2-A9750E6347B8}.Release|x86.ActiveCfg = Release|Win32
		{5D5D459B-4F82-4461-ACC2-A9750E6347B8}.Release|x86.Build.0 = Release|Win32
	EndGlobalSection
	GlobalSection(SolutionProperties) = preSolution
		HideSolutionNode = FALSE
	EndGlobalSection
	GlobalSection(ExtensibilityGlobals) = postSolution
		SolutionGuid = {C49C57D6-BFBF-46D8-8831-A55950C0CF79}
	EndGlobalSection
EndGlobal
