
Microsoft Visual Studio Solution File, Format Version 12.00
# Visual Studio Version 17
VisualStudioVersion = 17.6.33723.286
MinimumVisualStudioVersion = 10.0.40219.1
Project("{FAE04EC0-301F-11D3-BF4B-00C04F79EFBC}") = "ITMO.WPFCsCourse2023.Lab4.Task1", "ITMO.WPFCsCourse2023.Lab4.Task1\ITMO.WPFCsCourse2023.Lab4.Task1.csproj", "{80871310-DA9B-4D31-AB86-68C09CAC9DC0}"
EndProject
Project("{FAE04EC0-301F-11D3-BF4B-00C04F79EFBC}") = "ITMO.WPFCsCourse2023.Lab4.Task2", "ITMO.WPFCsCourse2023.Lab4.Task2\ITMO.WPFCsCourse2023.Lab4.Task2.csproj", "{5213C9B5-8084-4DF3-A0E5-2E577F7D130E}"
EndProject
Project("{FAE04EC0-301F-11D3-BF4B-00C04F79EFBC}") = "ITMO.WPFCsCourse2023.Lab4.Task3", "ITMO.WPFCsCourse2023.Lab4.Task3\ITMO.WPFCsCourse2023.Lab4.Task3.csproj", "{09F45704-14D6-441B-ABDA-29321D18D01F}"
EndProject
Global
	GlobalSection(SolutionConfigurationPlatforms) = preSolution
		Debug|Any CPU = Debug|Any CPU
		Release|Any CPU = Release|Any CPU
	EndGlobalSection
	GlobalSection(ProjectConfigurationPlatforms) = postSolution
		{80871310-DA9B-4D31-AB86-68C09CAC9DC0}.Debug|Any CPU.ActiveCfg = Debug|Any CPU
		{80871310-DA9B-4D31-AB86-68C09CAC9DC0}.Debug|Any CPU.Build.0 = Debug|Any CPU
		{80871310-DA9B-4D31-AB86-68C09CAC9DC0}.Release|Any CPU.ActiveCfg = Release|Any CPU
		{80871310-DA9B-4D31-AB86-68C09CAC9DC0}.Release|Any CPU.Build.0 = Release|Any CPU
		{5213C9B5-8084-4DF3-A0E5-2E577F7D130E}.Debug|Any CPU.ActiveCfg = Debug|Any CPU
		{5213C9B5-8084-4DF3-A0E5-2E577F7D130E}.Debug|Any CPU.Build.0 = Debug|Any CPU
		{5213C9B5-8084-4DF3-A0E5-2E577F7D130E}.Release|Any CPU.ActiveCfg = Release|Any CPU
		{5213C9B5-8084-4DF3-A0E5-2E577F7D130E}.Release|Any CPU.Build.0 = Release|Any CPU
		{09F45704-14D6-441B-ABDA-29321D18D01F}.Debug|Any CPU.ActiveCfg = Debug|Any CPU
		{09F45704-14D6-441B-ABDA-29321D18D01F}.Debug|Any CPU.Build.0 = Debug|Any CPU
		{09F45704-14D6-441B-ABDA-29321D18D01F}.Release|Any CPU.ActiveCfg = Release|Any CPU
		{09F45704-14D6-441B-ABDA-29321D18D01F}.Release|Any CPU.Build.0 = Release|Any CPU
	EndGlobalSection
	GlobalSection(SolutionProperties) = preSolution
		HideSolutionNode = FALSE
	EndGlobalSection
	GlobalSection(ExtensibilityGlobals) = postSolution
		SolutionGuid = {5DB385AB-A041-4861-B5C7-3315A4168430}
	EndGlobalSection
EndGlobal
